
Microsoft Visual Studio Solution File, Format Version 12.00
# Visual Studio 14
VisualStudioVersion = 14.0.24720.0
MinimumVisualStudioVersion = 10.0.40219.1
Project("{FAE04EC0-301F-11D3-BF4B-00C04F79EFBC}") = "Renamer", "Renamer\Renamer.csproj", "{509CF3E6-D1F7-4E7E-816F-9A0A22215AAD}"
EndProject
Project("{FAE04EC0-301F-11D3-BF4B-00C04F79EFBC}") = "TorrentApp", "TorrentApp\TorrentApp.csproj", "{307C27E7-032A-4A44-9D4D-F4F0A4E28BC7}"
EndProject
Project("{FAE04EC0-301F-11D3-BF4B-00C04F79EFBC}") = "MonoTorrent", "T:\monotorrent-master\src\MonoTorrent\MonoTorrent.csproj", "{411A9E0E-FDC6-4E25-828A-0C2CD1CD96F8}"
EndProject
Project("{FAE04EC0-301F-11D3-BF4B-00C04F79EFBC}") = "xTorrent", "..\..\..\..\C#\Torrent клиент 2\xTorrent.csproj", "{947F53D2-F9D7-458E-9978-6E065166D30B}"
EndProject
Project("{2150E333-8FDC-42A3-9474-1A3956D46DE8}") = "_WPF", "_WPF", "{6602EB6F-07FC-4B33-8B96-B39E1856EE58}"
EndProject
Project("{FAE04EC0-301F-11D3-BF4B-00C04F79EFBC}") = "LoginPassword", "LoginPassword\LoginPassword.csproj", "{FD168229-CD08-4A84-91D7-A1823893502C}"
EndProject
Project("{FAE04EC0-301F-11D3-BF4B-00C04F79EFBC}") = "AbstractFactory", "AbstractFactory\AbstractFactory.csproj", "{AC5F9C61-F444-4A33-8DC4-31AB5386D352}"
EndProject
Project("{2150E333-8FDC-42A3-9474-1A3956D46DE8}") = "Patterns", "Patterns", "{45275B2C-012F-4BB2-850D-8EB2CACF1777}"
EndProject
Project("{2150E333-8FDC-42A3-9474-1A3956D46DE8}") = "Other", "Other", "{CDABCC16-5AC5-46BC-82EE-FF207503116E}"
EndProject
Project("{FAE04EC0-301F-11D3-BF4B-00C04F79EFBC}") = "SearchWork", "SearchWork\SearchWork.csproj", "{194DF137-5794-41C9-9916-46A516EE22C3}"
EndProject
Project("{FAE04EC0-301F-11D3-BF4B-00C04F79EFBC}") = "Binding", "Binding\Binding.csproj", "{1B8E1784-D6CB-4ECB-908D-1E242E4D9561}"
EndProject
Project("{FAE04EC0-301F-11D3-BF4B-00C04F79EFBC}") = "SearchWorkWPF", "SearchWorkWPF\SearchWorkWPF.csproj", "{7702E67D-0755-4F25-A013-767B069309B5}"
EndProject
Project("{FAE04EC0-301F-11D3-BF4B-00C04F79EFBC}") = "PagesInterfaces", "PagesInterfaces\PagesInterfaces.csproj", "{89041174-4556-4720-8171-10080640E11F}"
EndProject
Project("{2150E333-8FDC-42A3-9474-1A3956D46DE8}") = "UnitTest", "UnitTest", "{2B647F63-79C1-4EDC-B304-B610F6A54E8A}"
EndProject
Project("{FAE04EC0-301F-11D3-BF4B-00C04F79EFBC}") = "WpfApplication1", "WpfApplication1\WpfApplication1.csproj", "{19B2E699-A030-4A5E-9D80-73B7E8BBE531}"
EndProject
Project("{FAE04EC0-301F-11D3-BF4B-00C04F79EFBC}") = "Registry", "Registry\Registry.csproj", "{0D7DCDCA-ED0A-430B-9AA4-7C0E02297F40}"
EndProject
Project("{FAE04EC0-301F-11D3-BF4B-00C04F79EFBC}") = "FSM", "FSM\FSM.csproj", "{1A1BBC9C-3618-47B2-A55B-B1CCF03ED9E7}"
EndProject
Project("{FAE04EC0-301F-11D3-BF4B-00C04F79EFBC}") = "AvorionGoodsParser", "AvorionGoodsParser\AvorionGoodsParser.csproj", "{95B608F5-B52F-436D-9673-D851FB8051E6}"
EndProject
Project("{FAE04EC0-301F-11D3-BF4B-00C04F79EFBC}") = "ExtensionStore", "ExtensionStore\ExtensionStore.csproj", "{09F28CA8-9BAA-45CB-89DF-BA4C3F21E29A}"
EndProject
Project("{2150E333-8FDC-42A3-9474-1A3956D46DE8}") = "_CMD", "_CMD", "{59ED96FE-6FFA-4597-9D05-BD42522C0483}"
EndProject
Project("{FAE04EC0-301F-11D3-BF4B-00C04F79EFBC}") = "ConsoleApplication1", "ConsoleApplication1\ConsoleApplication1.csproj", "{0601225E-D97E-42D7-9E25-5EC6A4BFD4BF}"
EndProject
Project("{FAE04EC0-301F-11D3-BF4B-00C04F79EFBC}") = "Thread_2_Lock2", "Threads\Thread_2_Lock2.csproj", "{EA883F45-974A-4081-A355-54FB6AFBA788}"
EndProject
Project("{FAE04EC0-301F-11D3-BF4B-00C04F79EFBC}") = "Thread_3_Wait_Pulse", "Thread_Wait_Pulse\Thread_3_Wait_Pulse.csproj", "{359529AD-8C7F-4D46-BAFD-A1F8234141B0}"
EndProject
Project("{FAE04EC0-301F-11D3-BF4B-00C04F79EFBC}") = "Thread_4_Mutex", "Thread_Mutex\Thread_4_Mutex.csproj", "{40CF55C5-9CF0-4889-8DAF-1401184E2303}"
EndProject
Project("{FAE04EC0-301F-11D3-BF4B-00C04F79EFBC}") = "Thread_5_ Semaphore", "Thread_5_ Semaphore\Thread_5_ Semaphore.csproj", "{62E94EC8-5494-49CD-AFC9-930DCB82A08D}"
EndProject
Project("{FAE04EC0-301F-11D3-BF4B-00C04F79EFBC}") = "Thread_6_ ManualEvent", "Thread_6_ ManualEvent\Thread_6_ ManualEvent.csproj", "{6B56A4BF-4BBE-4C43-B41D-AF29DC1FF1E9}"
EndProject
Project("{FAE04EC0-301F-11D3-BF4B-00C04F79EFBC}") = "Thread_7_Interlocked", "Thread_7_Interlocked\Thread_7_Interlocked.csproj", "{217F78B5-9DF9-4DB5-BE14-6B80591F8343}"
EndProject
Project("{FAE04EC0-301F-11D3-BF4B-00C04F79EFBC}") = "Task_1", "Task_1\Task_1.csproj", "{6F24C822-6AF9-47CB-A56C-BC029272FD98}"
EndProject
Project("{FAE04EC0-301F-11D3-BF4B-00C04F79EFBC}") = "Task_2", "Task_2\Task_2.csproj", "{9EA18C60-4D49-49E1-B1A2-DBB7779B9E3F}"
EndProject
Project("{FAE04EC0-301F-11D3-BF4B-00C04F79EFBC}") = "Task_3", "Task_3\Task_3.csproj", "{06F51F2B-4BBB-4F59-9504-6099DC37AE16}"
EndProject
Project("{FAE04EC0-301F-11D3-BF4B-00C04F79EFBC}") = "Task_4_Wait", "Task_4_Wait\Task_4_Wait.csproj", "{5B79D683-DC82-4BF0-8298-A449131B502D}"
EndProject
Project("{FAE04EC0-301F-11D3-BF4B-00C04F79EFBC}") = "Task_5_Lyamda", "Task_5_Lyamda\Task_5_Lyamda.csproj", "{3F5A5E3E-8E9C-42DB-8C5B-F762C89D1A96}"
EndProject
Project("{FAE04EC0-301F-11D3-BF4B-00C04F79EFBC}") = "Task_6_contionue", "Task_6_contionue\Task_6_contionue.csproj", "{00C358B3-5175-49D4-9FD3-7A2F0B73B529}"
EndProject
Project("{FAE04EC0-301F-11D3-BF4B-00C04F79EFBC}") = "Task_7_return", "Task_7_return\Task_7_return.csproj", "{3DF7355C-DB38-4E79-820F-6F87C54E8175}"
EndProject
Project("{FAE04EC0-301F-11D3-BF4B-00C04F79EFBC}") = "Task_8_Cancel", "Task_8_Cancel\Task_8_Cancel.csproj", "{6D57830F-C061-48E3-A32D-8FF6D233D850}"
EndProject
Project("{2150E333-8FDC-42A3-9474-1A3956D46DE8}") = "TPL", "TPL", "{90F49474-3BBC-406F-99C7-34CA28FC132E}"
EndProject
Project("{2150E333-8FDC-42A3-9474-1A3956D46DE8}") = "Treads", "Treads", "{3E05D6D5-536A-4257-A962-5871E9165AB3}"
EndProject
Project("{FAE04EC0-301F-11D3-BF4B-00C04F79EFBC}") = "Parallel_1_Invoke", "Parallel_1_Invoke\Parallel_1_Invoke.csproj", "{FBBBCE98-2E04-47BE-99FA-F1923F011DC9}"
EndProject
Project("{2150E333-8FDC-42A3-9474-1A3956D46DE8}") = "Parallel", "Parallel", "{74A1F927-C167-4E54-B70C-03D9DBAF4C37}"
EndProject
Project("{2150E333-8FDC-42A3-9474-1A3956D46DE8}") = "Task", "Task", "{9A30CD67-F450-4BF0-93DF-FCF75F8C5B02}"
EndProject
Project("{FAE04EC0-301F-11D3-BF4B-00C04F79EFBC}") = "Parallel_2_For", "Parallel_2_For\Parallel_2_For.csproj", "{303B902F-8E73-4DD4-B742-9927F989C24C}"
EndProject
Project("{FAE04EC0-301F-11D3-BF4B-00C04F79EFBC}") = "Parallel_3_For", "Parallel_3_For\Parallel_3_For.csproj", "{37F33B95-D2FC-4087-848E-482CB7456F65}"
EndProject
Project("{FAE04EC0-301F-11D3-BF4B-00C04F79EFBC}") = "Parallel_4_Break", "Parallel_4_Break\Parallel_4_Break.csproj", "{EC5D1A48-FECB-4FE1-A229-E2393A1CB588}"
EndProject
Project("{FAE04EC0-301F-11D3-BF4B-00C04F79EFBC}") = "Parallel_5_ ForEach", "Parallel_5_ ForEach\Parallel_5_ ForEach.csproj", "{51E3A23B-6F2C-4C94-8A0B-4CAB47CCDBB2}"
EndProject
Project("{FAE04EC0-301F-11D3-BF4B-00C04F79EFBC}") = "AntisLib", "ZeroLib\AntisLib.csproj", "{61F1925D-4454-4C91-BC46-BCD126E088FB}"
EndProject
Global
	GlobalSection(SolutionConfigurationPlatforms) = preSolution
		Debug|Any CPU = Debug|Any CPU
		Debug|ARM = Debug|ARM
		Debug|x64 = Debug|x64
		Debug|x86 = Debug|x86
		Release|Any CPU = Release|Any CPU
		Release|ARM = Release|ARM
		Release|x64 = Release|x64
		Release|x86 = Release|x86
		Stats|Any CPU = Stats|Any CPU
		Stats|ARM = Stats|ARM
		Stats|x64 = Stats|x64
		Stats|x86 = Stats|x86
	EndGlobalSection
	GlobalSection(ProjectConfigurationPlatforms) = postSolution
		{509CF3E6-D1F7-4E7E-816F-9A0A22215AAD}.Debug|Any CPU.ActiveCfg = Debug|Any CPU
		{509CF3E6-D1F7-4E7E-816F-9A0A22215AAD}.Debug|Any CPU.Build.0 = Debug|Any CPU
		{509CF3E6-D1F7-4E7E-816F-9A0A22215AAD}.Debug|ARM.ActiveCfg = Debug|Any CPU
		{509CF3E6-D1F7-4E7E-816F-9A0A22215AAD}.Debug|ARM.Build.0 = Debug|Any CPU
		{509CF3E6-D1F7-4E7E-816F-9A0A22215AAD}.Debug|x64.ActiveCfg = Debug|Any CPU
		{509CF3E6-D1F7-4E7E-816F-9A0A22215AAD}.Debug|x64.Build.0 = Debug|Any CPU
		{509CF3E6-D1F7-4E7E-816F-9A0A22215AAD}.Debug|x86.ActiveCfg = Debug|Any CPU
		{509CF3E6-D1F7-4E7E-816F-9A0A22215AAD}.Debug|x86.Build.0 = Debug|Any CPU
		{509CF3E6-D1F7-4E7E-816F-9A0A22215AAD}.Release|Any CPU.ActiveCfg = Release|Any CPU
		{509CF3E6-D1F7-4E7E-816F-9A0A22215AAD}.Release|Any CPU.Build.0 = Release|Any CPU
		{509CF3E6-D1F7-4E7E-816F-9A0A22215AAD}.Release|ARM.ActiveCfg = Release|Any CPU
		{509CF3E6-D1F7-4E7E-816F-9A0A22215AAD}.Release|ARM.Build.0 = Release|Any CPU
		{509CF3E6-D1F7-4E7E-816F-9A0A22215AAD}.Release|x64.ActiveCfg = Release|Any CPU
		{509CF3E6-D1F7-4E7E-816F-9A0A22215AAD}.Release|x64.Build.0 = Release|Any CPU
		{509CF3E6-D1F7-4E7E-816F-9A0A22215AAD}.Release|x86.ActiveCfg = Release|Any CPU
		{509CF3E6-D1F7-4E7E-816F-9A0A22215AAD}.Release|x86.Build.0 = Release|Any CPU
		{509CF3E6-D1F7-4E7E-816F-9A0A22215AAD}.Stats|Any CPU.ActiveCfg = Release|Any CPU
		{509CF3E6-D1F7-4E7E-816F-9A0A22215AAD}.Stats|Any CPU.Build.0 = Release|Any CPU
		{509CF3E6-D1F7-4E7E-816F-9A0A22215AAD}.Stats|ARM.ActiveCfg = Release|Any CPU
		{509CF3E6-D1F7-4E7E-816F-9A0A22215AAD}.Stats|ARM.Build.0 = Release|Any CPU
		{509CF3E6-D1F7-4E7E-816F-9A0A22215AAD}.Stats|x64.ActiveCfg = Release|Any CPU
		{509CF3E6-D1F7-4E7E-816F-9A0A22215AAD}.Stats|x64.Build.0 = Release|Any CPU
		{509CF3E6-D1F7-4E7E-816F-9A0A22215AAD}.Stats|x86.ActiveCfg = Release|Any CPU
		{509CF3E6-D1F7-4E7E-816F-9A0A22215AAD}.Stats|x86.Build.0 = Release|Any CPU
		{307C27E7-032A-4A44-9D4D-F4F0A4E28BC7}.Debug|Any CPU.ActiveCfg = Debug|Any CPU
		{307C27E7-032A-4A44-9D4D-F4F0A4E28BC7}.Debug|Any CPU.Build.0 = Debug|Any CPU
		{307C27E7-032A-4A44-9D4D-F4F0A4E28BC7}.Debug|ARM.ActiveCfg = Debug|Any CPU
		{307C27E7-032A-4A44-9D4D-F4F0A4E28BC7}.Debug|ARM.Build.0 = Debug|Any CPU
		{307C27E7-032A-4A44-9D4D-F4F0A4E28BC7}.Debug|x64.ActiveCfg = Debug|Any CPU
		{307C27E7-032A-4A44-9D4D-F4F0A4E28BC7}.Debug|x64.Build.0 = Debug|Any CPU
		{307C27E7-032A-4A44-9D4D-F4F0A4E28BC7}.Debug|x86.ActiveCfg = Debug|Any CPU
		{307C27E7-032A-4A44-9D4D-F4F0A4E28BC7}.Debug|x86.Build.0 = Debug|Any CPU
		{307C27E7-032A-4A44-9D4D-F4F0A4E28BC7}.Release|Any CPU.ActiveCfg = Release|Any CPU
		{307C27E7-032A-4A44-9D4D-F4F0A4E28BC7}.Release|Any CPU.Build.0 = Release|Any CPU
		{307C27E7-032A-4A44-9D4D-F4F0A4E28BC7}.Release|ARM.ActiveCfg = Release|Any CPU
		{307C27E7-032A-4A44-9D4D-F4F0A4E28BC7}.Release|ARM.Build.0 = Release|Any CPU
		{307C27E7-032A-4A44-9D4D-F4F0A4E28BC7}.Release|x64.ActiveCfg = Release|Any CPU
		{307C27E7-032A-4A44-9D4D-F4F0A4E28BC7}.Release|x64.Build.0 = Release|Any CPU
		{307C27E7-032A-4A44-9D4D-F4F0A4E28BC7}.Release|x86.ActiveCfg = Release|Any CPU
		{307C27E7-032A-4A44-9D4D-F4F0A4E28BC7}.Release|x86.Build.0 = Release|Any CPU
		{307C27E7-032A-4A44-9D4D-F4F0A4E28BC7}.Stats|Any CPU.ActiveCfg = Release|Any CPU
		{307C27E7-032A-4A44-9D4D-F4F0A4E28BC7}.Stats|Any CPU.Build.0 = Release|Any CPU
		{307C27E7-032A-4A44-9D4D-F4F0A4E28BC7}.Stats|ARM.ActiveCfg = Release|Any CPU
		{307C27E7-032A-4A44-9D4D-F4F0A4E28BC7}.Stats|ARM.Build.0 = Release|Any CPU
		{307C27E7-032A-4A44-9D4D-F4F0A4E28BC7}.Stats|x64.ActiveCfg = Release|Any CPU
		{307C27E7-032A-4A44-9D4D-F4F0A4E28BC7}.Stats|x64.Build.0 = Release|Any CPU
		{307C27E7-032A-4A44-9D4D-F4F0A4E28BC7}.Stats|x86.ActiveCfg = Release|Any CPU
		{307C27E7-032A-4A44-9D4D-F4F0A4E28BC7}.Stats|x86.Build.0 = Release|Any CPU
		{411A9E0E-FDC6-4E25-828A-0C2CD1CD96F8}.Debug|Any CPU.ActiveCfg = Debug|Any CPU
		{411A9E0E-FDC6-4E25-828A-0C2CD1CD96F8}.Debug|Any CPU.Build.0 = Debug|Any CPU
		{411A9E0E-FDC6-4E25-828A-0C2CD1CD96F8}.Debug|ARM.ActiveCfg = Debug|Any CPU
		{411A9E0E-FDC6-4E25-828A-0C2CD1CD96F8}.Debug|x64.ActiveCfg = Debug|Any CPU
		{411A9E0E-FDC6-4E25-828A-0C2CD1CD96F8}.Debug|x86.ActiveCfg = Debug|Any CPU
		{411A9E0E-FDC6-4E25-828A-0C2CD1CD96F8}.Release|Any CPU.ActiveCfg = Release|Any CPU
		{411A9E0E-FDC6-4E25-828A-0C2CD1CD96F8}.Release|Any CPU.Build.0 = Release|Any CPU
		{411A9E0E-FDC6-4E25-828A-0C2CD1CD96F8}.Release|ARM.ActiveCfg = Release|Any CPU
		{411A9E0E-FDC6-4E25-828A-0C2CD1CD96F8}.Release|x64.ActiveCfg = Release|Any CPU
		{411A9E0E-FDC6-4E25-828A-0C2CD1CD96F8}.Release|x86.ActiveCfg = Release|Any CPU
		{411A9E0E-FDC6-4E25-828A-0C2CD1CD96F8}.Stats|Any CPU.ActiveCfg = Stats|Any CPU
		{411A9E0E-FDC6-4E25-828A-0C2CD1CD96F8}.Stats|Any CPU.Build.0 = Stats|Any CPU
		{411A9E0E-FDC6-4E25-828A-0C2CD1CD96F8}.Stats|ARM.ActiveCfg = Stats|Any CPU
		{411A9E0E-FDC6-4E25-828A-0C2CD1CD96F8}.Stats|x64.ActiveCfg = Stats|Any CPU
		{411A9E0E-FDC6-4E25-828A-0C2CD1CD96F8}.Stats|x86.ActiveCfg = Stats|Any CPU
		{947F53D2-F9D7-458E-9978-6E065166D30B}.Debug|Any CPU.ActiveCfg = Debug|Any CPU
		{947F53D2-F9D7-458E-9978-6E065166D30B}.Debug|Any CPU.Build.0 = Debug|Any CPU
		{947F53D2-F9D7-458E-9978-6E065166D30B}.Debug|ARM.ActiveCfg = Debug|Any CPU
		{947F53D2-F9D7-458E-9978-6E065166D30B}.Debug|x64.ActiveCfg = Debug|Any CPU
		{947F53D2-F9D7-458E-9978-6E065166D30B}.Debug|x86.ActiveCfg = Debug|Any CPU
		{947F53D2-F9D7-458E-9978-6E065166D30B}.Release|Any CPU.ActiveCfg = Release|Any CPU
		{947F53D2-F9D7-458E-9978-6E065166D30B}.Release|Any CPU.Build.0 = Release|Any CPU
		{947F53D2-F9D7-458E-9978-6E065166D30B}.Release|ARM.ActiveCfg = Release|Any CPU
		{947F53D2-F9D7-458E-9978-6E065166D30B}.Release|x64.ActiveCfg = Release|Any CPU
		{947F53D2-F9D7-458E-9978-6E065166D30B}.Release|x86.ActiveCfg = Release|Any CPU
		{947F53D2-F9D7-458E-9978-6E065166D30B}.Stats|Any CPU.ActiveCfg = Release|Any CPU
		{947F53D2-F9D7-458E-9978-6E065166D30B}.Stats|Any CPU.Build.0 = Release|Any CPU
		{947F53D2-F9D7-458E-9978-6E065166D30B}.Stats|ARM.ActiveCfg = Release|Any CPU
		{947F53D2-F9D7-458E-9978-6E065166D30B}.Stats|x64.ActiveCfg = Release|Any CPU
		{947F53D2-F9D7-458E-9978-6E065166D30B}.Stats|x86.ActiveCfg = Release|Any CPU
		{FD168229-CD08-4A84-91D7-A1823893502C}.Debug|Any CPU.ActiveCfg = Debug|Any CPU
		{FD168229-CD08-4A84-91D7-A1823893502C}.Debug|Any CPU.Build.0 = Debug|Any CPU
		{FD168229-CD08-4A84-91D7-A1823893502C}.Debug|ARM.ActiveCfg = Debug|Any CPU
		{FD168229-CD08-4A84-91D7-A1823893502C}.Debug|ARM.Build.0 = Debug|Any CPU
		{FD168229-CD08-4A84-91D7-A1823893502C}.Debug|x64.ActiveCfg = Debug|Any CPU
		{FD168229-CD08-4A84-91D7-A1823893502C}.Debug|x64.Build.0 = Debug|Any CPU
		{FD168229-CD08-4A84-91D7-A1823893502C}.Debug|x86.ActiveCfg = Debug|Any CPU
		{FD168229-CD08-4A84-91D7-A1823893502C}.Debug|x86.Build.0 = Debug|Any CPU
		{FD168229-CD08-4A84-91D7-A1823893502C}.Release|Any CPU.ActiveCfg = Release|Any CPU
		{FD168229-CD08-4A84-91D7-A1823893502C}.Release|Any CPU.Build.0 = Release|Any CPU
		{FD168229-CD08-4A84-91D7-A1823893502C}.Release|ARM.ActiveCfg = Release|Any CPU
		{FD168229-CD08-4A84-91D7-A1823893502C}.Release|ARM.Build.0 = Release|Any CPU
		{FD168229-CD08-4A84-91D7-A1823893502C}.Release|x64.ActiveCfg = Release|Any CPU
		{FD168229-CD08-4A84-91D7-A1823893502C}.Release|x64.Build.0 = Release|Any CPU
		{FD168229-CD08-4A84-91D7-A1823893502C}.Release|x86.ActiveCfg = Release|Any CPU
		{FD168229-CD08-4A84-91D7-A1823893502C}.Release|x86.Build.0 = Release|Any CPU
		{FD168229-CD08-4A84-91D7-A1823893502C}.Stats|Any CPU.ActiveCfg = Release|Any CPU
		{FD168229-CD08-4A84-91D7-A1823893502C}.Stats|Any CPU.Build.0 = Release|Any CPU
		{FD168229-CD08-4A84-91D7-A1823893502C}.Stats|ARM.ActiveCfg = Release|Any CPU
		{FD168229-CD08-4A84-91D7-A1823893502C}.Stats|ARM.Build.0 = Release|Any CPU
		{FD168229-CD08-4A84-91D7-A1823893502C}.Stats|x64.ActiveCfg = Release|Any CPU
		{FD168229-CD08-4A84-91D7-A1823893502C}.Stats|x64.Build.0 = Release|Any CPU
		{FD168229-CD08-4A84-91D7-A1823893502C}.Stats|x86.ActiveCfg = Release|Any CPU
		{FD168229-CD08-4A84-91D7-A1823893502C}.Stats|x86.Build.0 = Release|Any CPU
		{AC5F9C61-F444-4A33-8DC4-31AB5386D352}.Debug|Any CPU.ActiveCfg = Debug|Any CPU
		{AC5F9C61-F444-4A33-8DC4-31AB5386D352}.Debug|Any CPU.Build.0 = Debug|Any CPU
		{AC5F9C61-F444-4A33-8DC4-31AB5386D352}.Debug|ARM.ActiveCfg = Debug|Any CPU
		{AC5F9C61-F444-4A33-8DC4-31AB5386D352}.Debug|ARM.Build.0 = Debug|Any CPU
		{AC5F9C61-F444-4A33-8DC4-31AB5386D352}.Debug|x64.ActiveCfg = Debug|Any CPU
		{AC5F9C61-F444-4A33-8DC4-31AB5386D352}.Debug|x64.Build.0 = Debug|Any CPU
		{AC5F9C61-F444-4A33-8DC4-31AB5386D352}.Debug|x86.ActiveCfg = Debug|Any CPU
		{AC5F9C61-F444-4A33-8DC4-31AB5386D352}.Debug|x86.Build.0 = Debug|Any CPU
		{AC5F9C61-F444-4A33-8DC4-31AB5386D352}.Release|Any CPU.ActiveCfg = Release|Any CPU
		{AC5F9C61-F444-4A33-8DC4-31AB5386D352}.Release|Any CPU.Build.0 = Release|Any CPU
		{AC5F9C61-F444-4A33-8DC4-31AB5386D352}.Release|ARM.ActiveCfg = Release|Any CPU
		{AC5F9C61-F444-4A33-8DC4-31AB5386D352}.Release|ARM.Build.0 = Release|Any CPU
		{AC5F9C61-F444-4A33-8DC4-31AB5386D352}.Release|x64.ActiveCfg = Release|Any CPU
		{AC5F9C61-F444-4A33-8DC4-31AB5386D352}.Release|x64.Build.0 = Release|Any CPU
		{AC5F9C61-F444-4A33-8DC4-31AB5386D352}.Release|x86.ActiveCfg = Release|Any CPU
		{AC5F9C61-F444-4A33-8DC4-31AB5386D352}.Release|x86.Build.0 = Release|Any CPU
		{AC5F9C61-F444-4A33-8DC4-31AB5386D352}.Stats|Any CPU.ActiveCfg = Release|Any CPU
		{AC5F9C61-F444-4A33-8DC4-31AB5386D352}.Stats|Any CPU.Build.0 = Release|Any CPU
		{AC5F9C61-F444-4A33-8DC4-31AB5386D352}.Stats|ARM.ActiveCfg = Release|Any CPU
		{AC5F9C61-F444-4A33-8DC4-31AB5386D352}.Stats|ARM.Build.0 = Release|Any CPU
		{AC5F9C61-F444-4A33-8DC4-31AB5386D352}.Stats|x64.ActiveCfg = Release|Any CPU
		{AC5F9C61-F444-4A33-8DC4-31AB5386D352}.Stats|x64.Build.0 = Release|Any CPU
		{AC5F9C61-F444-4A33-8DC4-31AB5386D352}.Stats|x86.ActiveCfg = Release|Any CPU
		{AC5F9C61-F444-4A33-8DC4-31AB5386D352}.Stats|x86.Build.0 = Release|Any CPU
		{194DF137-5794-41C9-9916-46A516EE22C3}.Debug|Any CPU.ActiveCfg = Debug|Any CPU
		{194DF137-5794-41C9-9916-46A516EE22C3}.Debug|Any CPU.Build.0 = Debug|Any CPU
		{194DF137-5794-41C9-9916-46A516EE22C3}.Debug|ARM.ActiveCfg = Debug|Any CPU
		{194DF137-5794-41C9-9916-46A516EE22C3}.Debug|ARM.Build.0 = Debug|Any CPU
		{194DF137-5794-41C9-9916-46A516EE22C3}.Debug|x64.ActiveCfg = Debug|Any CPU
		{194DF137-5794-41C9-9916-46A516EE22C3}.Debug|x64.Build.0 = Debug|Any CPU
		{194DF137-5794-41C9-9916-46A516EE22C3}.Debug|x86.ActiveCfg = Debug|Any CPU
		{194DF137-5794-41C9-9916-46A516EE22C3}.Debug|x86.Build.0 = Debug|Any CPU
		{194DF137-5794-41C9-9916-46A516EE22C3}.Release|Any CPU.ActiveCfg = Release|Any CPU
		{194DF137-5794-41C9-9916-46A516EE22C3}.Release|Any CPU.Build.0 = Release|Any CPU
		{194DF137-5794-41C9-9916-46A516EE22C3}.Release|ARM.ActiveCfg = Release|Any CPU
		{194DF137-5794-41C9-9916-46A516EE22C3}.Release|ARM.Build.0 = Release|Any CPU
		{194DF137-5794-41C9-9916-46A516EE22C3}.Release|x64.ActiveCfg = Release|Any CPU
		{194DF137-5794-41C9-9916-46A516EE22C3}.Release|x64.Build.0 = Release|Any CPU
		{194DF137-5794-41C9-9916-46A516EE22C3}.Release|x86.ActiveCfg = Release|Any CPU
		{194DF137-5794-41C9-9916-46A516EE22C3}.Release|x86.Build.0 = Release|Any CPU
		{194DF137-5794-41C9-9916-46A516EE22C3}.Stats|Any CPU.ActiveCfg = Release|Any CPU
		{194DF137-5794-41C9-9916-46A516EE22C3}.Stats|Any CPU.Build.0 = Release|Any CPU
		{194DF137-5794-41C9-9916-46A516EE22C3}.Stats|ARM.ActiveCfg = Release|Any CPU
		{194DF137-5794-41C9-9916-46A516EE22C3}.Stats|ARM.Build.0 = Release|Any CPU
		{194DF137-5794-41C9-9916-46A516EE22C3}.Stats|x64.ActiveCfg = Release|Any CPU
		{194DF137-5794-41C9-9916-46A516EE22C3}.Stats|x64.Build.0 = Release|Any CPU
		{194DF137-5794-41C9-9916-46A516EE22C3}.Stats|x86.ActiveCfg = Release|Any CPU
		{194DF137-5794-41C9-9916-46A516EE22C3}.Stats|x86.Build.0 = Release|Any CPU
		{1B8E1784-D6CB-4ECB-908D-1E242E4D9561}.Debug|Any CPU.ActiveCfg = Debug|Any CPU
		{1B8E1784-D6CB-4ECB-908D-1E242E4D9561}.Debug|Any CPU.Build.0 = Debug|Any CPU
		{1B8E1784-D6CB-4ECB-908D-1E242E4D9561}.Debug|ARM.ActiveCfg = Debug|Any CPU
		{1B8E1784-D6CB-4ECB-908D-1E242E4D9561}.Debug|ARM.Build.0 = Debug|Any CPU
		{1B8E1784-D6CB-4ECB-908D-1E242E4D9561}.Debug|x64.ActiveCfg = Debug|Any CPU
		{1B8E1784-D6CB-4ECB-908D-1E242E4D9561}.Debug|x64.Build.0 = Debug|Any CPU
		{1B8E1784-D6CB-4ECB-908D-1E242E4D9561}.Debug|x86.ActiveCfg = Debug|Any CPU
		{1B8E1784-D6CB-4ECB-908D-1E242E4D9561}.Debug|x86.Build.0 = Debug|Any CPU
		{1B8E1784-D6CB-4ECB-908D-1E242E4D9561}.Release|Any CPU.ActiveCfg = Release|Any CPU
		{1B8E1784-D6CB-4ECB-908D-1E242E4D9561}.Release|Any CPU.Build.0 = Release|Any CPU
		{1B8E1784-D6CB-4ECB-908D-1E242E4D9561}.Release|ARM.ActiveCfg = Release|Any CPU
		{1B8E1784-D6CB-4ECB-908D-1E242E4D9561}.Release|ARM.Build.0 = Release|Any CPU
		{1B8E1784-D6CB-4ECB-908D-1E242E4D9561}.Release|x64.ActiveCfg = Release|Any CPU
		{1B8E1784-D6CB-4ECB-908D-1E242E4D9561}.Release|x64.Build.0 = Release|Any CPU
		{1B8E1784-D6CB-4ECB-908D-1E242E4D9561}.Release|x86.ActiveCfg = Release|Any CPU
		{1B8E1784-D6CB-4ECB-908D-1E242E4D9561}.Release|x86.Build.0 = Release|Any CPU
		{1B8E1784-D6CB-4ECB-908D-1E242E4D9561}.Stats|Any CPU.ActiveCfg = Release|Any CPU
		{1B8E1784-D6CB-4ECB-908D-1E242E4D9561}.Stats|Any CPU.Build.0 = Release|Any CPU
		{1B8E1784-D6CB-4ECB-908D-1E242E4D9561}.Stats|ARM.ActiveCfg = Release|Any CPU
		{1B8E1784-D6CB-4ECB-908D-1E242E4D9561}.Stats|ARM.Build.0 = Release|Any CPU
		{1B8E1784-D6CB-4ECB-908D-1E242E4D9561}.Stats|x64.ActiveCfg = Release|Any CPU
		{1B8E1784-D6CB-4ECB-908D-1E242E4D9561}.Stats|x64.Build.0 = Release|Any CPU
		{1B8E1784-D6CB-4ECB-908D-1E242E4D9561}.Stats|x86.ActiveCfg = Release|Any CPU
		{1B8E1784-D6CB-4ECB-908D-1E242E4D9561}.Stats|x86.Build.0 = Release|Any CPU
		{7702E67D-0755-4F25-A013-767B069309B5}.Debug|Any CPU.ActiveCfg = Debug|Any CPU
		{7702E67D-0755-4F25-A013-767B069309B5}.Debug|Any CPU.Build.0 = Debug|Any CPU
		{7702E67D-0755-4F25-A013-767B069309B5}.Debug|ARM.ActiveCfg = Debug|Any CPU
		{7702E67D-0755-4F25-A013-767B069309B5}.Debug|ARM.Build.0 = Debug|Any CPU
		{7702E67D-0755-4F25-A013-767B069309B5}.Debug|x64.ActiveCfg = Debug|Any CPU
		{7702E67D-0755-4F25-A013-767B069309B5}.Debug|x64.Build.0 = Debug|Any CPU
		{7702E67D-0755-4F25-A013-767B069309B5}.Debug|x86.ActiveCfg = Debug|Any CPU
		{7702E67D-0755-4F25-A013-767B069309B5}.Debug|x86.Build.0 = Debug|Any CPU
		{7702E67D-0755-4F25-A013-767B069309B5}.Release|Any CPU.ActiveCfg = Release|Any CPU
		{7702E67D-0755-4F25-A013-767B069309B5}.Release|Any CPU.Build.0 = Release|Any CPU
		{7702E67D-0755-4F25-A013-767B069309B5}.Release|ARM.ActiveCfg = Release|Any CPU
		{7702E67D-0755-4F25-A013-767B069309B5}.Release|ARM.Build.0 = Release|Any CPU
		{7702E67D-0755-4F25-A013-767B069309B5}.Release|x64.ActiveCfg = Release|Any CPU
		{7702E67D-0755-4F25-A013-767B069309B5}.Release|x64.Build.0 = Release|Any CPU
		{7702E67D-0755-4F25-A013-767B069309B5}.Release|x86.ActiveCfg = Release|Any CPU
		{7702E67D-0755-4F25-A013-767B069309B5}.Release|x86.Build.0 = Release|Any CPU
		{7702E67D-0755-4F25-A013-767B069309B5}.Stats|Any CPU.ActiveCfg = Release|Any CPU
		{7702E67D-0755-4F25-A013-767B069309B5}.Stats|Any CPU.Build.0 = Release|Any CPU
		{7702E67D-0755-4F25-A013-767B069309B5}.Stats|ARM.ActiveCfg = Release|Any CPU
		{7702E67D-0755-4F25-A013-767B069309B5}.Stats|ARM.Build.0 = Release|Any CPU
		{7702E67D-0755-4F25-A013-767B069309B5}.Stats|x64.ActiveCfg = Release|Any CPU
		{7702E67D-0755-4F25-A013-767B069309B5}.Stats|x64.Build.0 = Release|Any CPU
		{7702E67D-0755-4F25-A013-767B069309B5}.Stats|x86.ActiveCfg = Release|Any CPU
		{7702E67D-0755-4F25-A013-767B069309B5}.Stats|x86.Build.0 = Release|Any CPU
		{89041174-4556-4720-8171-10080640E11F}.Debug|Any CPU.ActiveCfg = Debug|Any CPU
		{89041174-4556-4720-8171-10080640E11F}.Debug|Any CPU.Build.0 = Debug|Any CPU
		{89041174-4556-4720-8171-10080640E11F}.Debug|ARM.ActiveCfg = Debug|Any CPU
		{89041174-4556-4720-8171-10080640E11F}.Debug|ARM.Build.0 = Debug|Any CPU
		{89041174-4556-4720-8171-10080640E11F}.Debug|x64.ActiveCfg = Debug|Any CPU
		{89041174-4556-4720-8171-10080640E11F}.Debug|x64.Build.0 = Debug|Any CPU
		{89041174-4556-4720-8171-10080640E11F}.Debug|x86.ActiveCfg = Debug|Any CPU
		{89041174-4556-4720-8171-10080640E11F}.Debug|x86.Build.0 = Debug|Any CPU
		{89041174-4556-4720-8171-10080640E11F}.Release|Any CPU.ActiveCfg = Release|Any CPU
		{89041174-4556-4720-8171-10080640E11F}.Release|Any CPU.Build.0 = Release|Any CPU
		{89041174-4556-4720-8171-10080640E11F}.Release|ARM.ActiveCfg = Release|Any CPU
		{89041174-4556-4720-8171-10080640E11F}.Release|ARM.Build.0 = Release|Any CPU
		{89041174-4556-4720-8171-10080640E11F}.Release|x64.ActiveCfg = Release|Any CPU
		{89041174-4556-4720-8171-10080640E11F}.Release|x64.Build.0 = Release|Any CPU
		{89041174-4556-4720-8171-10080640E11F}.Release|x86.ActiveCfg = Release|Any CPU
		{89041174-4556-4720-8171-10080640E11F}.Release|x86.Build.0 = Release|Any CPU
		{89041174-4556-4720-8171-10080640E11F}.Stats|Any CPU.ActiveCfg = Release|Any CPU
		{89041174-4556-4720-8171-10080640E11F}.Stats|Any CPU.Build.0 = Release|Any CPU
		{89041174-4556-4720-8171-10080640E11F}.Stats|ARM.ActiveCfg = Release|Any CPU
		{89041174-4556-4720-8171-10080640E11F}.Stats|ARM.Build.0 = Release|Any CPU
		{89041174-4556-4720-8171-10080640E11F}.Stats|x64.ActiveCfg = Release|Any CPU
		{89041174-4556-4720-8171-10080640E11F}.Stats|x64.Build.0 = Release|Any CPU
		{89041174-4556-4720-8171-10080640E11F}.Stats|x86.ActiveCfg = Release|Any CPU
		{89041174-4556-4720-8171-10080640E11F}.Stats|x86.Build.0 = Release|Any CPU
		{19B2E699-A030-4A5E-9D80-73B7E8BBE531}.Debug|Any CPU.ActiveCfg = Debug|Any CPU
		{19B2E699-A030-4A5E-9D80-73B7E8BBE531}.Debug|Any CPU.Build.0 = Debug|Any CPU
		{19B2E699-A030-4A5E-9D80-73B7E8BBE531}.Debug|ARM.ActiveCfg = Debug|Any CPU
		{19B2E699-A030-4A5E-9D80-73B7E8BBE531}.Debug|ARM.Build.0 = Debug|Any CPU
		{19B2E699-A030-4A5E-9D80-73B7E8BBE531}.Debug|x64.ActiveCfg = Debug|Any CPU
		{19B2E699-A030-4A5E-9D80-73B7E8BBE531}.Debug|x64.Build.0 = Debug|Any CPU
		{19B2E699-A030-4A5E-9D80-73B7E8BBE531}.Debug|x86.ActiveCfg = Debug|Any CPU
		{19B2E699-A030-4A5E-9D80-73B7E8BBE531}.Debug|x86.Build.0 = Debug|Any CPU
		{19B2E699-A030-4A5E-9D80-73B7E8BBE531}.Release|Any CPU.ActiveCfg = Release|Any CPU
		{19B2E699-A030-4A5E-9D80-73B7E8BBE531}.Release|Any CPU.Build.0 = Release|Any CPU
		{19B2E699-A030-4A5E-9D80-73B7E8BBE531}.Release|ARM.ActiveCfg = Release|Any CPU
		{19B2E699-A030-4A5E-9D80-73B7E8BBE531}.Release|ARM.Build.0 = Release|Any CPU
		{19B2E699-A030-4A5E-9D80-73B7E8BBE531}.Release|x64.ActiveCfg = Release|Any CPU
		{19B2E699-A030-4A5E-9D80-73B7E8BBE531}.Release|x64.Build.0 = Release|Any CPU
		{19B2E699-A030-4A5E-9D80-73B7E8BBE531}.Release|x86.ActiveCfg = Release|Any CPU
		{19B2E699-A030-4A5E-9D80-73B7E8BBE531}.Release|x86.Build.0 = Release|Any CPU
		{19B2E699-A030-4A5E-9D80-73B7E8BBE531}.Stats|Any CPU.ActiveCfg = Release|Any CPU
		{19B2E699-A030-4A5E-9D80-73B7E8BBE531}.Stats|Any CPU.Build.0 = Release|Any CPU
		{19B2E699-A030-4A5E-9D80-73B7E8BBE531}.Stats|ARM.ActiveCfg = Release|Any CPU
		{19B2E699-A030-4A5E-9D80-73B7E8BBE531}.Stats|ARM.Build.0 = Release|Any CPU
		{19B2E699-A030-4A5E-9D80-73B7E8BBE531}.Stats|x64.ActiveCfg = Release|Any CPU
		{19B2E699-A030-4A5E-9D80-73B7E8BBE531}.Stats|x64.Build.0 = Release|Any CPU
		{19B2E699-A030-4A5E-9D80-73B7E8BBE531}.Stats|x86.ActiveCfg = Release|Any CPU
		{19B2E699-A030-4A5E-9D80-73B7E8BBE531}.Stats|x86.Build.0 = Release|Any CPU
		{0D7DCDCA-ED0A-430B-9AA4-7C0E02297F40}.Debug|Any CPU.ActiveCfg = Debug|Any CPU
		{0D7DCDCA-ED0A-430B-9AA4-7C0E02297F40}.Debug|Any CPU.Build.0 = Debug|Any CPU
		{0D7DCDCA-ED0A-430B-9AA4-7C0E02297F40}.Debug|ARM.ActiveCfg = Debug|Any CPU
		{0D7DCDCA-ED0A-430B-9AA4-7C0E02297F40}.Debug|ARM.Build.0 = Debug|Any CPU
		{0D7DCDCA-ED0A-430B-9AA4-7C0E02297F40}.Debug|x64.ActiveCfg = Debug|Any CPU
		{0D7DCDCA-ED0A-430B-9AA4-7C0E02297F40}.Debug|x64.Build.0 = Debug|Any CPU
		{0D7DCDCA-ED0A-430B-9AA4-7C0E02297F40}.Debug|x86.ActiveCfg = Debug|Any CPU
		{0D7DCDCA-ED0A-430B-9AA4-7C0E02297F40}.Debug|x86.Build.0 = Debug|Any CPU
		{0D7DCDCA-ED0A-430B-9AA4-7C0E02297F40}.Release|Any CPU.ActiveCfg = Release|Any CPU
		{0D7DCDCA-ED0A-430B-9AA4-7C0E02297F40}.Release|Any CPU.Build.0 = Release|Any CPU
		{0D7DCDCA-ED0A-430B-9AA4-7C0E02297F40}.Release|ARM.ActiveCfg = Release|Any CPU
		{0D7DCDCA-ED0A-430B-9AA4-7C0E02297F40}.Release|ARM.Build.0 = Release|Any CPU
		{0D7DCDCA-ED0A-430B-9AA4-7C0E02297F40}.Release|x64.ActiveCfg = Release|Any CPU
		{0D7DCDCA-ED0A-430B-9AA4-7C0E02297F40}.Release|x64.Build.0 = Release|Any CPU
		{0D7DCDCA-ED0A-430B-9AA4-7C0E02297F40}.Release|x86.ActiveCfg = Release|Any CPU
		{0D7DCDCA-ED0A-430B-9AA4-7C0E02297F40}.Release|x86.Build.0 = Release|Any CPU
		{0D7DCDCA-ED0A-430B-9AA4-7C0E02297F40}.Stats|Any CPU.ActiveCfg = Release|Any CPU
		{0D7DCDCA-ED0A-430B-9AA4-7C0E02297F40}.Stats|Any CPU.Build.0 = Release|Any CPU
		{0D7DCDCA-ED0A-430B-9AA4-7C0E02297F40}.Stats|ARM.ActiveCfg = Release|Any CPU
		{0D7DCDCA-ED0A-430B-9AA4-7C0E02297F40}.Stats|ARM.Build.0 = Release|Any CPU
		{0D7DCDCA-ED0A-430B-9AA4-7C0E02297F40}.Stats|x64.ActiveCfg = Release|Any CPU
		{0D7DCDCA-ED0A-430B-9AA4-7C0E02297F40}.Stats|x64.Build.0 = Release|Any CPU
		{0D7DCDCA-ED0A-430B-9AA4-7C0E02297F40}.Stats|x86.ActiveCfg = Release|Any CPU
		{0D7DCDCA-ED0A-430B-9AA4-7C0E02297F40}.Stats|x86.Build.0 = Release|Any CPU
		{1A1BBC9C-3618-47B2-A55B-B1CCF03ED9E7}.Debug|Any CPU.ActiveCfg = Debug|Any CPU
		{1A1BBC9C-3618-47B2-A55B-B1CCF03ED9E7}.Debug|Any CPU.Build.0 = Debug|Any CPU
		{1A1BBC9C-3618-47B2-A55B-B1CCF03ED9E7}.Debug|ARM.ActiveCfg = Debug|Any CPU
		{1A1BBC9C-3618-47B2-A55B-B1CCF03ED9E7}.Debug|ARM.Build.0 = Debug|Any CPU
		{1A1BBC9C-3618-47B2-A55B-B1CCF03ED9E7}.Debug|x64.ActiveCfg = Debug|Any CPU
		{1A1BBC9C-3618-47B2-A55B-B1CCF03ED9E7}.Debug|x64.Build.0 = Debug|Any CPU
		{1A1BBC9C-3618-47B2-A55B-B1CCF03ED9E7}.Debug|x86.ActiveCfg = Debug|Any CPU
		{1A1BBC9C-3618-47B2-A55B-B1CCF03ED9E7}.Debug|x86.Build.0 = Debug|Any CPU
		{1A1BBC9C-3618-47B2-A55B-B1CCF03ED9E7}.Release|Any CPU.ActiveCfg = Release|Any CPU
		{1A1BBC9C-3618-47B2-A55B-B1CCF03ED9E7}.Release|Any CPU.Build.0 = Release|Any CPU
		{1A1BBC9C-3618-47B2-A55B-B1CCF03ED9E7}.Release|ARM.ActiveCfg = Release|Any CPU
		{1A1BBC9C-3618-47B2-A55B-B1CCF03ED9E7}.Release|ARM.Build.0 = Release|Any CPU
		{1A1BBC9C-3618-47B2-A55B-B1CCF03ED9E7}.Release|x64.ActiveCfg = Release|Any CPU
		{1A1BBC9C-3618-47B2-A55B-B1CCF03ED9E7}.Release|x64.Build.0 = Release|Any CPU
		{1A1BBC9C-3618-47B2-A55B-B1CCF03ED9E7}.Release|x86.ActiveCfg = Release|Any CPU
		{1A1BBC9C-3618-47B2-A55B-B1CCF03ED9E7}.Release|x86.Build.0 = Release|Any CPU
		{1A1BBC9C-3618-47B2-A55B-B1CCF03ED9E7}.Stats|Any CPU.ActiveCfg = Release|Any CPU
		{1A1BBC9C-3618-47B2-A55B-B1CCF03ED9E7}.Stats|Any CPU.Build.0 = Release|Any CPU
		{1A1BBC9C-3618-47B2-A55B-B1CCF03ED9E7}.Stats|ARM.ActiveCfg = Release|Any CPU
		{1A1BBC9C-3618-47B2-A55B-B1CCF03ED9E7}.Stats|ARM.Build.0 = Release|Any CPU
		{1A1BBC9C-3618-47B2-A55B-B1CCF03ED9E7}.Stats|x64.ActiveCfg = Release|Any CPU
		{1A1BBC9C-3618-47B2-A55B-B1CCF03ED9E7}.Stats|x64.Build.0 = Release|Any CPU
		{1A1BBC9C-3618-47B2-A55B-B1CCF03ED9E7}.Stats|x86.ActiveCfg = Release|Any CPU
		{1A1BBC9C-3618-47B2-A55B-B1CCF03ED9E7}.Stats|x86.Build.0 = Release|Any CPU
		{95B608F5-B52F-436D-9673-D851FB8051E6}.Debug|Any CPU.ActiveCfg = Debug|Any CPU
		{95B608F5-B52F-436D-9673-D851FB8051E6}.Debug|Any CPU.Build.0 = Debug|Any CPU
		{95B608F5-B52F-436D-9673-D851FB8051E6}.Debug|ARM.ActiveCfg = Debug|Any CPU
		{95B608F5-B52F-436D-9673-D851FB8051E6}.Debug|ARM.Build.0 = Debug|Any CPU
		{95B608F5-B52F-436D-9673-D851FB8051E6}.Debug|x64.ActiveCfg = Debug|Any CPU
		{95B608F5-B52F-436D-9673-D851FB8051E6}.Debug|x64.Build.0 = Debug|Any CPU
		{95B608F5-B52F-436D-9673-D851FB8051E6}.Debug|x86.ActiveCfg = Debug|Any CPU
		{95B608F5-B52F-436D-9673-D851FB8051E6}.Debug|x86.Build.0 = Debug|Any CPU
		{95B608F5-B52F-436D-9673-D851FB8051E6}.Release|Any CPU.ActiveCfg = Release|Any CPU
		{95B608F5-B52F-436D-9673-D851FB8051E6}.Release|Any CPU.Build.0 = Release|Any CPU
		{95B608F5-B52F-436D-9673-D851FB8051E6}.Release|ARM.ActiveCfg = Release|Any CPU
		{95B608F5-B52F-436D-9673-D851FB8051E6}.Release|ARM.Build.0 = Release|Any CPU
		{95B608F5-B52F-436D-9673-D851FB8051E6}.Release|x64.ActiveCfg = Release|Any CPU
		{95B608F5-B52F-436D-9673-D851FB8051E6}.Release|x64.Build.0 = Release|Any CPU
		{95B608F5-B52F-436D-9673-D851FB8051E6}.Release|x86.ActiveCfg = Release|Any CPU
		{95B608F5-B52F-436D-9673-D851FB8051E6}.Release|x86.Build.0 = Release|Any CPU
		{95B608F5-B52F-436D-9673-D851FB8051E6}.Stats|Any CPU.ActiveCfg = Release|Any CPU
		{95B608F5-B52F-436D-9673-D851FB8051E6}.Stats|Any CPU.Build.0 = Release|Any CPU
		{95B608F5-B52F-436D-9673-D851FB8051E6}.Stats|ARM.ActiveCfg = Release|Any CPU
		{95B608F5-B52F-436D-9673-D851FB8051E6}.Stats|ARM.Build.0 = Release|Any CPU
		{95B608F5-B52F-436D-9673-D851FB8051E6}.Stats|x64.ActiveCfg = Release|Any CPU
		{95B608F5-B52F-436D-9673-D851FB8051E6}.Stats|x64.Build.0 = Release|Any CPU
		{95B608F5-B52F-436D-9673-D851FB8051E6}.Stats|x86.ActiveCfg = Release|Any CPU
		{95B608F5-B52F-436D-9673-D851FB8051E6}.Stats|x86.Build.0 = Release|Any CPU
		{09F28CA8-9BAA-45CB-89DF-BA4C3F21E29A}.Debug|Any CPU.ActiveCfg = Debug|Any CPU
		{09F28CA8-9BAA-45CB-89DF-BA4C3F21E29A}.Debug|Any CPU.Build.0 = Debug|Any CPU
		{09F28CA8-9BAA-45CB-89DF-BA4C3F21E29A}.Debug|ARM.ActiveCfg = Debug|Any CPU
		{09F28CA8-9BAA-45CB-89DF-BA4C3F21E29A}.Debug|ARM.Build.0 = Debug|Any CPU
		{09F28CA8-9BAA-45CB-89DF-BA4C3F21E29A}.Debug|x64.ActiveCfg = Debug|Any CPU
		{09F28CA8-9BAA-45CB-89DF-BA4C3F21E29A}.Debug|x64.Build.0 = Debug|Any CPU
		{09F28CA8-9BAA-45CB-89DF-BA4C3F21E29A}.Debug|x86.ActiveCfg = Debug|Any CPU
		{09F28CA8-9BAA-45CB-89DF-BA4C3F21E29A}.Debug|x86.Build.0 = Debug|Any CPU
		{09F28CA8-9BAA-45CB-89DF-BA4C3F21E29A}.Release|Any CPU.ActiveCfg = Release|Any CPU
		{09F28CA8-9BAA-45CB-89DF-BA4C3F21E29A}.Release|Any CPU.Build.0 = Release|Any CPU
		{09F28CA8-9BAA-45CB-89DF-BA4C3F21E29A}.Release|ARM.ActiveCfg = Release|Any CPU
		{09F28CA8-9BAA-45CB-89DF-BA4C3F21E29A}.Release|ARM.Build.0 = Release|Any CPU
		{09F28CA8-9BAA-45CB-89DF-BA4C3F21E29A}.Release|x64.ActiveCfg = Release|Any CPU
		{09F28CA8-9BAA-45CB-89DF-BA4C3F21E29A}.Release|x64.Build.0 = Release|Any CPU
		{09F28CA8-9BAA-45CB-89DF-BA4C3F21E29A}.Release|x86.ActiveCfg = Release|Any CPU
		{09F28CA8-9BAA-45CB-89DF-BA4C3F21E29A}.Release|x86.Build.0 = Release|Any CPU
		{09F28CA8-9BAA-45CB-89DF-BA4C3F21E29A}.Stats|Any CPU.ActiveCfg = Release|Any CPU
		{09F28CA8-9BAA-45CB-89DF-BA4C3F21E29A}.Stats|Any CPU.Build.0 = Release|Any CPU
		{09F28CA8-9BAA-45CB-89DF-BA4C3F21E29A}.Stats|ARM.ActiveCfg = Release|Any CPU
		{09F28CA8-9BAA-45CB-89DF-BA4C3F21E29A}.Stats|ARM.Build.0 = Release|Any CPU
		{09F28CA8-9BAA-45CB-89DF-BA4C3F21E29A}.Stats|x64.ActiveCfg = Release|Any CPU
		{09F28CA8-9BAA-45CB-89DF-BA4C3F21E29A}.Stats|x64.Build.0 = Release|Any CPU
		{09F28CA8-9BAA-45CB-89DF-BA4C3F21E29A}.Stats|x86.ActiveCfg = Release|Any CPU
		{09F28CA8-9BAA-45CB-89DF-BA4C3F21E29A}.Stats|x86.Build.0 = Release|Any CPU
		{0601225E-D97E-42D7-9E25-5EC6A4BFD4BF}.Debug|Any CPU.ActiveCfg = Debug|Any CPU
		{0601225E-D97E-42D7-9E25-5EC6A4BFD4BF}.Debug|Any CPU.Build.0 = Debug|Any CPU
		{0601225E-D97E-42D7-9E25-5EC6A4BFD4BF}.Debug|ARM.ActiveCfg = Debug|Any CPU
		{0601225E-D97E-42D7-9E25-5EC6A4BFD4BF}.Debug|ARM.Build.0 = Debug|Any CPU
		{0601225E-D97E-42D7-9E25-5EC6A4BFD4BF}.Debug|x64.ActiveCfg = Debug|Any CPU
		{0601225E-D97E-42D7-9E25-5EC6A4BFD4BF}.Debug|x64.Build.0 = Debug|Any CPU
		{0601225E-D97E-42D7-9E25-5EC6A4BFD4BF}.Debug|x86.ActiveCfg = Debug|Any CPU
		{0601225E-D97E-42D7-9E25-5EC6A4BFD4BF}.Debug|x86.Build.0 = Debug|Any CPU
		{0601225E-D97E-42D7-9E25-5EC6A4BFD4BF}.Release|Any CPU.ActiveCfg = Release|Any CPU
		{0601225E-D97E-42D7-9E25-5EC6A4BFD4BF}.Release|Any CPU.Build.0 = Release|Any CPU
		{0601225E-D97E-42D7-9E25-5EC6A4BFD4BF}.Release|ARM.ActiveCfg = Release|Any CPU
		{0601225E-D97E-42D7-9E25-5EC6A4BFD4BF}.Release|ARM.Build.0 = Release|Any CPU
		{0601225E-D97E-42D7-9E25-5EC6A4BFD4BF}.Release|x64.ActiveCfg = Release|Any CPU
		{0601225E-D97E-42D7-9E25-5EC6A4BFD4BF}.Release|x64.Build.0 = Release|Any CPU
		{0601225E-D97E-42D7-9E25-5EC6A4BFD4BF}.Release|x86.ActiveCfg = Release|Any CPU
		{0601225E-D97E-42D7-9E25-5EC6A4BFD4BF}.Release|x86.Build.0 = Release|Any CPU
		{0601225E-D97E-42D7-9E25-5EC6A4BFD4BF}.Stats|Any CPU.ActiveCfg = Release|Any CPU
		{0601225E-D97E-42D7-9E25-5EC6A4BFD4BF}.Stats|Any CPU.Build.0 = Release|Any CPU
		{0601225E-D97E-42D7-9E25-5EC6A4BFD4BF}.Stats|ARM.ActiveCfg = Release|Any CPU
		{0601225E-D97E-42D7-9E25-5EC6A4BFD4BF}.Stats|ARM.Build.0 = Release|Any CPU
		{0601225E-D97E-42D7-9E25-5EC6A4BFD4BF}.Stats|x64.ActiveCfg = Release|Any CPU
		{0601225E-D97E-42D7-9E25-5EC6A4BFD4BF}.Stats|x64.Build.0 = Release|Any CPU
		{0601225E-D97E-42D7-9E25-5EC6A4BFD4BF}.Stats|x86.ActiveCfg = Release|Any CPU
		{0601225E-D97E-42D7-9E25-5EC6A4BFD4BF}.Stats|x86.Build.0 = Release|Any CPU
		{EA883F45-974A-4081-A355-54FB6AFBA788}.Debug|Any CPU.ActiveCfg = Debug|Any CPU
		{EA883F45-974A-4081-A355-54FB6AFBA788}.Debug|Any CPU.Build.0 = Debug|Any CPU
		{EA883F45-974A-4081-A355-54FB6AFBA788}.Debug|ARM.ActiveCfg = Debug|Any CPU
		{EA883F45-974A-4081-A355-54FB6AFBA788}.Debug|ARM.Build.0 = Debug|Any CPU
		{EA883F45-974A-4081-A355-54FB6AFBA788}.Debug|x64.ActiveCfg = Debug|Any CPU
		{EA883F45-974A-4081-A355-54FB6AFBA788}.Debug|x64.Build.0 = Debug|Any CPU
		{EA883F45-974A-4081-A355-54FB6AFBA788}.Debug|x86.ActiveCfg = Debug|Any CPU
		{EA883F45-974A-4081-A355-54FB6AFBA788}.Debug|x86.Build.0 = Debug|Any CPU
		{EA883F45-974A-4081-A355-54FB6AFBA788}.Release|Any CPU.ActiveCfg = Release|Any CPU
		{EA883F45-974A-4081-A355-54FB6AFBA788}.Release|Any CPU.Build.0 = Release|Any CPU
		{EA883F45-974A-4081-A355-54FB6AFBA788}.Release|ARM.ActiveCfg = Release|Any CPU
		{EA883F45-974A-4081-A355-54FB6AFBA788}.Release|ARM.Build.0 = Release|Any CPU
		{EA883F45-974A-4081-A355-54FB6AFBA788}.Release|x64.ActiveCfg = Release|Any CPU
		{EA883F45-974A-4081-A355-54FB6AFBA788}.Release|x64.Build.0 = Release|Any CPU
		{EA883F45-974A-4081-A355-54FB6AFBA788}.Release|x86.ActiveCfg = Release|Any CPU
		{EA883F45-974A-4081-A355-54FB6AFBA788}.Release|x86.Build.0 = Release|Any CPU
		{EA883F45-974A-4081-A355-54FB6AFBA788}.Stats|Any CPU.ActiveCfg = Release|Any CPU
		{EA883F45-974A-4081-A355-54FB6AFBA788}.Stats|Any CPU.Build.0 = Release|Any CPU
		{EA883F45-974A-4081-A355-54FB6AFBA788}.Stats|ARM.ActiveCfg = Release|Any CPU
		{EA883F45-974A-4081-A355-54FB6AFBA788}.Stats|ARM.Build.0 = Release|Any CPU
		{EA883F45-974A-4081-A355-54FB6AFBA788}.Stats|x64.ActiveCfg = Release|Any CPU
		{EA883F45-974A-4081-A355-54FB6AFBA788}.Stats|x64.Build.0 = Release|Any CPU
		{EA883F45-974A-4081-A355-54FB6AFBA788}.Stats|x86.ActiveCfg = Release|Any CPU
		{EA883F45-974A-4081-A355-54FB6AFBA788}.Stats|x86.Build.0 = Release|Any CPU
		{359529AD-8C7F-4D46-BAFD-A1F8234141B0}.Debug|Any CPU.ActiveCfg = Debug|Any CPU
		{359529AD-8C7F-4D46-BAFD-A1F8234141B0}.Debug|Any CPU.Build.0 = Debug|Any CPU
		{359529AD-8C7F-4D46-BAFD-A1F8234141B0}.Debug|ARM.ActiveCfg = Debug|Any CPU
		{359529AD-8C7F-4D46-BAFD-A1F8234141B0}.Debug|ARM.Build.0 = Debug|Any CPU
		{359529AD-8C7F-4D46-BAFD-A1F8234141B0}.Debug|x64.ActiveCfg = Debug|Any CPU
		{359529AD-8C7F-4D46-BAFD-A1F8234141B0}.Debug|x64.Build.0 = Debug|Any CPU
		{359529AD-8C7F-4D46-BAFD-A1F8234141B0}.Debug|x86.ActiveCfg = Debug|Any CPU
		{359529AD-8C7F-4D46-BAFD-A1F8234141B0}.Debug|x86.Build.0 = Debug|Any CPU
		{359529AD-8C7F-4D46-BAFD-A1F8234141B0}.Release|Any CPU.ActiveCfg = Release|Any CPU
		{359529AD-8C7F-4D46-BAFD-A1F8234141B0}.Release|Any CPU.Build.0 = Release|Any CPU
		{359529AD-8C7F-4D46-BAFD-A1F8234141B0}.Release|ARM.ActiveCfg = Release|Any CPU
		{359529AD-8C7F-4D46-BAFD-A1F8234141B0}.Release|ARM.Build.0 = Release|Any CPU
		{359529AD-8C7F-4D46-BAFD-A1F8234141B0}.Release|x64.ActiveCfg = Release|Any CPU
		{359529AD-8C7F-4D46-BAFD-A1F8234141B0}.Release|x64.Build.0 = Release|Any CPU
		{359529AD-8C7F-4D46-BAFD-A1F8234141B0}.Release|x86.ActiveCfg = Release|Any CPU
		{359529AD-8C7F-4D46-BAFD-A1F8234141B0}.Release|x86.Build.0 = Release|Any CPU
		{359529AD-8C7F-4D46-BAFD-A1F8234141B0}.Stats|Any CPU.ActiveCfg = Release|Any CPU
		{359529AD-8C7F-4D46-BAFD-A1F8234141B0}.Stats|Any CPU.Build.0 = Release|Any CPU
		{359529AD-8C7F-4D46-BAFD-A1F8234141B0}.Stats|ARM.ActiveCfg = Release|Any CPU
		{359529AD-8C7F-4D46-BAFD-A1F8234141B0}.Stats|ARM.Build.0 = Release|Any CPU
		{359529AD-8C7F-4D46-BAFD-A1F8234141B0}.Stats|x64.ActiveCfg = Release|Any CPU
		{359529AD-8C7F-4D46-BAFD-A1F8234141B0}.Stats|x64.Build.0 = Release|Any CPU
		{359529AD-8C7F-4D46-BAFD-A1F8234141B0}.Stats|x86.ActiveCfg = Release|Any CPU
		{359529AD-8C7F-4D46-BAFD-A1F8234141B0}.Stats|x86.Build.0 = Release|Any CPU
		{40CF55C5-9CF0-4889-8DAF-1401184E2303}.Debug|Any CPU.ActiveCfg = Debug|Any CPU
		{40CF55C5-9CF0-4889-8DAF-1401184E2303}.Debug|Any CPU.Build.0 = Debug|Any CPU
		{40CF55C5-9CF0-4889-8DAF-1401184E2303}.Debug|ARM.ActiveCfg = Debug|Any CPU
		{40CF55C5-9CF0-4889-8DAF-1401184E2303}.Debug|ARM.Build.0 = Debug|Any CPU
		{40CF55C5-9CF0-4889-8DAF-1401184E2303}.Debug|x64.ActiveCfg = Debug|Any CPU
		{40CF55C5-9CF0-4889-8DAF-1401184E2303}.Debug|x64.Build.0 = Debug|Any CPU
		{40CF55C5-9CF0-4889-8DAF-1401184E2303}.Debug|x86.ActiveCfg = Debug|Any CPU
		{40CF55C5-9CF0-4889-8DAF-1401184E2303}.Debug|x86.Build.0 = Debug|Any CPU
		{40CF55C5-9CF0-4889-8DAF-1401184E2303}.Release|Any CPU.ActiveCfg = Release|Any CPU
		{40CF55C5-9CF0-4889-8DAF-1401184E2303}.Release|Any CPU.Build.0 = Release|Any CPU
		{40CF55C5-9CF0-4889-8DAF-1401184E2303}.Release|ARM.ActiveCfg = Release|Any CPU
		{40CF55C5-9CF0-4889-8DAF-1401184E2303}.Release|ARM.Build.0 = Release|Any CPU
		{40CF55C5-9CF0-4889-8DAF-1401184E2303}.Release|x64.ActiveCfg = Release|Any CPU
		{40CF55C5-9CF0-4889-8DAF-1401184E2303}.Release|x64.Build.0 = Release|Any CPU
		{40CF55C5-9CF0-4889-8DAF-1401184E2303}.Release|x86.ActiveCfg = Release|Any CPU
		{40CF55C5-9CF0-4889-8DAF-1401184E2303}.Release|x86.Build.0 = Release|Any CPU
		{40CF55C5-9CF0-4889-8DAF-1401184E2303}.Stats|Any CPU.ActiveCfg = Release|Any CPU
		{40CF55C5-9CF0-4889-8DAF-1401184E2303}.Stats|Any CPU.Build.0 = Release|Any CPU
		{40CF55C5-9CF0-4889-8DAF-1401184E2303}.Stats|ARM.ActiveCfg = Release|Any CPU
		{40CF55C5-9CF0-4889-8DAF-1401184E2303}.Stats|ARM.Build.0 = Release|Any CPU
		{40CF55C5-9CF0-4889-8DAF-1401184E2303}.Stats|x64.ActiveCfg = Release|Any CPU
		{40CF55C5-9CF0-4889-8DAF-1401184E2303}.Stats|x64.Build.0 = Release|Any CPU
		{40CF55C5-9CF0-4889-8DAF-1401184E2303}.Stats|x86.ActiveCfg = Release|Any CPU
		{40CF55C5-9CF0-4889-8DAF-1401184E2303}.Stats|x86.Build.0 = Release|Any CPU
		{62E94EC8-5494-49CD-AFC9-930DCB82A08D}.Debug|Any CPU.ActiveCfg = Debug|Any CPU
		{62E94EC8-5494-49CD-AFC9-930DCB82A08D}.Debug|Any CPU.Build.0 = Debug|Any CPU
		{62E94EC8-5494-49CD-AFC9-930DCB82A08D}.Debug|ARM.ActiveCfg = Debug|Any CPU
		{62E94EC8-5494-49CD-AFC9-930DCB82A08D}.Debug|ARM.Build.0 = Debug|Any CPU
		{62E94EC8-5494-49CD-AFC9-930DCB82A08D}.Debug|x64.ActiveCfg = Debug|Any CPU
		{62E94EC8-5494-49CD-AFC9-930DCB82A08D}.Debug|x64.Build.0 = Debug|Any CPU
		{62E94EC8-5494-49CD-AFC9-930DCB82A08D}.Debug|x86.ActiveCfg = Debug|Any CPU
		{62E94EC8-5494-49CD-AFC9-930DCB82A08D}.Debug|x86.Build.0 = Debug|Any CPU
		{62E94EC8-5494-49CD-AFC9-930DCB82A08D}.Release|Any CPU.ActiveCfg = Release|Any CPU
		{62E94EC8-5494-49CD-AFC9-930DCB82A08D}.Release|Any CPU.Build.0 = Release|Any CPU
		{62E94EC8-5494-49CD-AFC9-930DCB82A08D}.Release|ARM.ActiveCfg = Release|Any CPU
		{62E94EC8-5494-49CD-AFC9-930DCB82A08D}.Release|ARM.Build.0 = Release|Any CPU
		{62E94EC8-5494-49CD-AFC9-930DCB82A08D}.Release|x64.ActiveCfg = Release|Any CPU
		{62E94EC8-5494-49CD-AFC9-930DCB82A08D}.Release|x64.Build.0 = Release|Any CPU
		{62E94EC8-5494-49CD-AFC9-930DCB82A08D}.Release|x86.ActiveCfg = Release|Any CPU
		{62E94EC8-5494-49CD-AFC9-930DCB82A08D}.Release|x86.Build.0 = Release|Any CPU
		{62E94EC8-5494-49CD-AFC9-930DCB82A08D}.Stats|Any CPU.ActiveCfg = Release|Any CPU
		{62E94EC8-5494-49CD-AFC9-930DCB82A08D}.Stats|Any CPU.Build.0 = Release|Any CPU
		{62E94EC8-5494-49CD-AFC9-930DCB82A08D}.Stats|ARM.ActiveCfg = Release|Any CPU
		{62E94EC8-5494-49CD-AFC9-930DCB82A08D}.Stats|ARM.Build.0 = Release|Any CPU
		{62E94EC8-5494-49CD-AFC9-930DCB82A08D}.Stats|x64.ActiveCfg = Release|Any CPU
		{62E94EC8-5494-49CD-AFC9-930DCB82A08D}.Stats|x64.Build.0 = Release|Any CPU
		{62E94EC8-5494-49CD-AFC9-930DCB82A08D}.Stats|x86.ActiveCfg = Release|Any CPU
		{62E94EC8-5494-49CD-AFC9-930DCB82A08D}.Stats|x86.Build.0 = Release|Any CPU
		{6B56A4BF-4BBE-4C43-B41D-AF29DC1FF1E9}.Debug|Any CPU.ActiveCfg = Debug|Any CPU
		{6B56A4BF-4BBE-4C43-B41D-AF29DC1FF1E9}.Debug|Any CPU.Build.0 = Debug|Any CPU
		{6B56A4BF-4BBE-4C43-B41D-AF29DC1FF1E9}.Debug|ARM.ActiveCfg = Debug|Any CPU
		{6B56A4BF-4BBE-4C43-B41D-AF29DC1FF1E9}.Debug|ARM.Build.0 = Debug|Any CPU
		{6B56A4BF-4BBE-4C43-B41D-AF29DC1FF1E9}.Debug|x64.ActiveCfg = Debug|Any CPU
		{6B56A4BF-4BBE-4C43-B41D-AF29DC1FF1E9}.Debug|x64.Build.0 = Debug|Any CPU
		{6B56A4BF-4BBE-4C43-B41D-AF29DC1FF1E9}.Debug|x86.ActiveCfg = Debug|Any CPU
		{6B56A4BF-4BBE-4C43-B41D-AF29DC1FF1E9}.Debug|x86.Build.0 = Debug|Any CPU
		{6B56A4BF-4BBE-4C43-B41D-AF29DC1FF1E9}.Release|Any CPU.ActiveCfg = Release|Any CPU
		{6B56A4BF-4BBE-4C43-B41D-AF29DC1FF1E9}.Release|Any CPU.Build.0 = Release|Any CPU
		{6B56A4BF-4BBE-4C43-B41D-AF29DC1FF1E9}.Release|ARM.ActiveCfg = Release|Any CPU
		{6B56A4BF-4BBE-4C43-B41D-AF29DC1FF1E9}.Release|ARM.Build.0 = Release|Any CPU
		{6B56A4BF-4BBE-4C43-B41D-AF29DC1FF1E9}.Release|x64.ActiveCfg = Release|Any CPU
		{6B56A4BF-4BBE-4C43-B41D-AF29DC1FF1E9}.Release|x64.Build.0 = Release|Any CPU
		{6B56A4BF-4BBE-4C43-B41D-AF29DC1FF1E9}.Release|x86.ActiveCfg = Release|Any CPU
		{6B56A4BF-4BBE-4C43-B41D-AF29DC1FF1E9}.Release|x86.Build.0 = Release|Any CPU
		{6B56A4BF-4BBE-4C43-B41D-AF29DC1FF1E9}.Stats|Any CPU.ActiveCfg = Release|Any CPU
		{6B56A4BF-4BBE-4C43-B41D-AF29DC1FF1E9}.Stats|Any CPU.Build.0 = Release|Any CPU
		{6B56A4BF-4BBE-4C43-B41D-AF29DC1FF1E9}.Stats|ARM.ActiveCfg = Release|Any CPU
		{6B56A4BF-4BBE-4C43-B41D-AF29DC1FF1E9}.Stats|ARM.Build.0 = Release|Any CPU
		{6B56A4BF-4BBE-4C43-B41D-AF29DC1FF1E9}.Stats|x64.ActiveCfg = Release|Any CPU
		{6B56A4BF-4BBE-4C43-B41D-AF29DC1FF1E9}.Stats|x64.Build.0 = Release|Any CPU
		{6B56A4BF-4BBE-4C43-B41D-AF29DC1FF1E9}.Stats|x86.ActiveCfg = Release|Any CPU
		{6B56A4BF-4BBE-4C43-B41D-AF29DC1FF1E9}.Stats|x86.Build.0 = Release|Any CPU
		{217F78B5-9DF9-4DB5-BE14-6B80591F8343}.Debug|Any CPU.ActiveCfg = Debug|Any CPU
		{217F78B5-9DF9-4DB5-BE14-6B80591F8343}.Debug|Any CPU.Build.0 = Debug|Any CPU
		{217F78B5-9DF9-4DB5-BE14-6B80591F8343}.Debug|ARM.ActiveCfg = Debug|Any CPU
		{217F78B5-9DF9-4DB5-BE14-6B80591F8343}.Debug|ARM.Build.0 = Debug|Any CPU
		{217F78B5-9DF9-4DB5-BE14-6B80591F8343}.Debug|x64.ActiveCfg = Debug|Any CPU
		{217F78B5-9DF9-4DB5-BE14-6B80591F8343}.Debug|x64.Build.0 = Debug|Any CPU
		{217F78B5-9DF9-4DB5-BE14-6B80591F8343}.Debug|x86.ActiveCfg = Debug|Any CPU
		{217F78B5-9DF9-4DB5-BE14-6B80591F8343}.Debug|x86.Build.0 = Debug|Any CPU
		{217F78B5-9DF9-4DB5-BE14-6B80591F8343}.Release|Any CPU.ActiveCfg = Release|Any CPU
		{217F78B5-9DF9-4DB5-BE14-6B80591F8343}.Release|Any CPU.Build.0 = Release|Any CPU
		{217F78B5-9DF9-4DB5-BE14-6B80591F8343}.Release|ARM.ActiveCfg = Release|Any CPU
		{217F78B5-9DF9-4DB5-BE14-6B80591F8343}.Release|ARM.Build.0 = Release|Any CPU
		{217F78B5-9DF9-4DB5-BE14-6B80591F8343}.Release|x64.ActiveCfg = Release|Any CPU
		{217F78B5-9DF9-4DB5-BE14-6B80591F8343}.Release|x64.Build.0 = Release|Any CPU
		{217F78B5-9DF9-4DB5-BE14-6B80591F8343}.Release|x86.ActiveCfg = Release|Any CPU
		{217F78B5-9DF9-4DB5-BE14-6B80591F8343}.Release|x86.Build.0 = Release|Any CPU
		{217F78B5-9DF9-4DB5-BE14-6B80591F8343}.Stats|Any CPU.ActiveCfg = Release|Any CPU
		{217F78B5-9DF9-4DB5-BE14-6B80591F8343}.Stats|Any CPU.Build.0 = Release|Any CPU
		{217F78B5-9DF9-4DB5-BE14-6B80591F8343}.Stats|ARM.ActiveCfg = Release|Any CPU
		{217F78B5-9DF9-4DB5-BE14-6B80591F8343}.Stats|ARM.Build.0 = Release|Any CPU
		{217F78B5-9DF9-4DB5-BE14-6B80591F8343}.Stats|x64.ActiveCfg = Release|Any CPU
		{217F78B5-9DF9-4DB5-BE14-6B80591F8343}.Stats|x64.Build.0 = Release|Any CPU
		{217F78B5-9DF9-4DB5-BE14-6B80591F8343}.Stats|x86.ActiveCfg = Release|Any CPU
		{217F78B5-9DF9-4DB5-BE14-6B80591F8343}.Stats|x86.Build.0 = Release|Any CPU
		{6F24C822-6AF9-47CB-A56C-BC029272FD98}.Debug|Any CPU.ActiveCfg = Debug|Any CPU
		{6F24C822-6AF9-47CB-A56C-BC029272FD98}.Debug|Any CPU.Build.0 = Debug|Any CPU
		{6F24C822-6AF9-47CB-A56C-BC029272FD98}.Debug|ARM.ActiveCfg = Debug|Any CPU
		{6F24C822-6AF9-47CB-A56C-BC029272FD98}.Debug|ARM.Build.0 = Debug|Any CPU
		{6F24C822-6AF9-47CB-A56C-BC029272FD98}.Debug|x64.ActiveCfg = Debug|Any CPU
		{6F24C822-6AF9-47CB-A56C-BC029272FD98}.Debug|x64.Build.0 = Debug|Any CPU
		{6F24C822-6AF9-47CB-A56C-BC029272FD98}.Debug|x86.ActiveCfg = Debug|Any CPU
		{6F24C822-6AF9-47CB-A56C-BC029272FD98}.Debug|x86.Build.0 = Debug|Any CPU
		{6F24C822-6AF9-47CB-A56C-BC029272FD98}.Release|Any CPU.ActiveCfg = Release|Any CPU
		{6F24C822-6AF9-47CB-A56C-BC029272FD98}.Release|Any CPU.Build.0 = Release|Any CPU
		{6F24C822-6AF9-47CB-A56C-BC029272FD98}.Release|ARM.ActiveCfg = Release|Any CPU
		{6F24C822-6AF9-47CB-A56C-BC029272FD98}.Release|ARM.Build.0 = Release|Any CPU
		{6F24C822-6AF9-47CB-A56C-BC029272FD98}.Release|x64.ActiveCfg = Release|Any CPU
		{6F24C822-6AF9-47CB-A56C-BC029272FD98}.Release|x64.Build.0 = Release|Any CPU
		{6F24C822-6AF9-47CB-A56C-BC029272FD98}.Release|x86.ActiveCfg = Release|Any CPU
		{6F24C822-6AF9-47CB-A56C-BC029272FD98}.Release|x86.Build.0 = Release|Any CPU
		{6F24C822-6AF9-47CB-A56C-BC029272FD98}.Stats|Any CPU.ActiveCfg = Release|Any CPU
		{6F24C822-6AF9-47CB-A56C-BC029272FD98}.Stats|Any CPU.Build.0 = Release|Any CPU
		{6F24C822-6AF9-47CB-A56C-BC029272FD98}.Stats|ARM.ActiveCfg = Release|Any CPU
		{6F24C822-6AF9-47CB-A56C-BC029272FD98}.Stats|ARM.Build.0 = Release|Any CPU
		{6F24C822-6AF9-47CB-A56C-BC029272FD98}.Stats|x64.ActiveCfg = Release|Any CPU
		{6F24C822-6AF9-47CB-A56C-BC029272FD98}.Stats|x64.Build.0 = Release|Any CPU
		{6F24C822-6AF9-47CB-A56C-BC029272FD98}.Stats|x86.ActiveCfg = Release|Any CPU
		{6F24C822-6AF9-47CB-A56C-BC029272FD98}.Stats|x86.Build.0 = Release|Any CPU
		{9EA18C60-4D49-49E1-B1A2-DBB7779B9E3F}.Debug|Any CPU.ActiveCfg = Debug|Any CPU
		{9EA18C60-4D49-49E1-B1A2-DBB7779B9E3F}.Debug|Any CPU.Build.0 = Debug|Any CPU
		{9EA18C60-4D49-49E1-B1A2-DBB7779B9E3F}.Debug|ARM.ActiveCfg = Debug|Any CPU
		{9EA18C60-4D49-49E1-B1A2-DBB7779B9E3F}.Debug|ARM.Build.0 = Debug|Any CPU
		{9EA18C60-4D49-49E1-B1A2-DBB7779B9E3F}.Debug|x64.ActiveCfg = Debug|Any CPU
		{9EA18C60-4D49-49E1-B1A2-DBB7779B9E3F}.Debug|x64.Build.0 = Debug|Any CPU
		{9EA18C60-4D49-49E1-B1A2-DBB7779B9E3F}.Debug|x86.ActiveCfg = Debug|Any CPU
		{9EA18C60-4D49-49E1-B1A2-DBB7779B9E3F}.Debug|x86.Build.0 = Debug|Any CPU
		{9EA18C60-4D49-49E1-B1A2-DBB7779B9E3F}.Release|Any CPU.ActiveCfg = Release|Any CPU
		{9EA18C60-4D49-49E1-B1A2-DBB7779B9E3F}.Release|Any CPU.Build.0 = Release|Any CPU
		{9EA18C60-4D49-49E1-B1A2-DBB7779B9E3F}.Release|ARM.ActiveCfg = Release|Any CPU
		{9EA18C60-4D49-49E1-B1A2-DBB7779B9E3F}.Release|ARM.Build.0 = Release|Any CPU
		{9EA18C60-4D49-49E1-B1A2-DBB7779B9E3F}.Release|x64.ActiveCfg = Release|Any CPU
		{9EA18C60-4D49-49E1-B1A2-DBB7779B9E3F}.Release|x64.Build.0 = Release|Any CPU
		{9EA18C60-4D49-49E1-B1A2-DBB7779B9E3F}.Release|x86.ActiveCfg = Release|Any CPU
		{9EA18C60-4D49-49E1-B1A2-DBB7779B9E3F}.Release|x86.Build.0 = Release|Any CPU
		{9EA18C60-4D49-49E1-B1A2-DBB7779B9E3F}.Stats|Any CPU.ActiveCfg = Release|Any CPU
		{9EA18C60-4D49-49E1-B1A2-DBB7779B9E3F}.Stats|Any CPU.Build.0 = Release|Any CPU
		{9EA18C60-4D49-49E1-B1A2-DBB7779B9E3F}.Stats|ARM.ActiveCfg = Release|Any CPU
		{9EA18C60-4D49-49E1-B1A2-DBB7779B9E3F}.Stats|ARM.Build.0 = Release|Any CPU
		{9EA18C60-4D49-49E1-B1A2-DBB7779B9E3F}.Stats|x64.ActiveCfg = Release|Any CPU
		{9EA18C60-4D49-49E1-B1A2-DBB7779B9E3F}.Stats|x64.Build.0 = Release|Any CPU
		{9EA18C60-4D49-49E1-B1A2-DBB7779B9E3F}.Stats|x86.ActiveCfg = Release|Any CPU
		{9EA18C60-4D49-49E1-B1A2-DBB7779B9E3F}.Stats|x86.Build.0 = Release|Any CPU
		{06F51F2B-4BBB-4F59-9504-6099DC37AE16}.Debug|Any CPU.ActiveCfg = Debug|Any CPU
		{06F51F2B-4BBB-4F59-9504-6099DC37AE16}.Debug|Any CPU.Build.0 = Debug|Any CPU
		{06F51F2B-4BBB-4F59-9504-6099DC37AE16}.Debug|ARM.ActiveCfg = Debug|Any CPU
		{06F51F2B-4BBB-4F59-9504-6099DC37AE16}.Debug|ARM.Build.0 = Debug|Any CPU
		{06F51F2B-4BBB-4F59-9504-6099DC37AE16}.Debug|x64.ActiveCfg = Debug|Any CPU
		{06F51F2B-4BBB-4F59-9504-6099DC37AE16}.Debug|x64.Build.0 = Debug|Any CPU
		{06F51F2B-4BBB-4F59-9504-6099DC37AE16}.Debug|x86.ActiveCfg = Debug|Any CPU
		{06F51F2B-4BBB-4F59-9504-6099DC37AE16}.Debug|x86.Build.0 = Debug|Any CPU
		{06F51F2B-4BBB-4F59-9504-6099DC37AE16}.Release|Any CPU.ActiveCfg = Release|Any CPU
		{06F51F2B-4BBB-4F59-9504-6099DC37AE16}.Release|Any CPU.Build.0 = Release|Any CPU
		{06F51F2B-4BBB-4F59-9504-6099DC37AE16}.Release|ARM.ActiveCfg = Release|Any CPU
		{06F51F2B-4BBB-4F59-9504-6099DC37AE16}.Release|ARM.Build.0 = Release|Any CPU
		{06F51F2B-4BBB-4F59-9504-6099DC37AE16}.Release|x64.ActiveCfg = Release|Any CPU
		{06F51F2B-4BBB-4F59-9504-6099DC37AE16}.Release|x64.Build.0 = Release|Any CPU
		{06F51F2B-4BBB-4F59-9504-6099DC37AE16}.Release|x86.ActiveCfg = Release|Any CPU
		{06F51F2B-4BBB-4F59-9504-6099DC37AE16}.Release|x86.Build.0 = Release|Any CPU
		{06F51F2B-4BBB-4F59-9504-6099DC37AE16}.Stats|Any CPU.ActiveCfg = Release|Any CPU
		{06F51F2B-4BBB-4F59-9504-6099DC37AE16}.Stats|Any CPU.Build.0 = Release|Any CPU
		{06F51F2B-4BBB-4F59-9504-6099DC37AE16}.Stats|ARM.ActiveCfg = Release|Any CPU
		{06F51F2B-4BBB-4F59-9504-6099DC37AE16}.Stats|ARM.Build.0 = Release|Any CPU
		{06F51F2B-4BBB-4F59-9504-6099DC37AE16}.Stats|x64.ActiveCfg = Release|Any CPU
		{06F51F2B-4BBB-4F59-9504-6099DC37AE16}.Stats|x64.Build.0 = Release|Any CPU
		{06F51F2B-4BBB-4F59-9504-6099DC37AE16}.Stats|x86.ActiveCfg = Release|Any CPU
		{06F51F2B-4BBB-4F59-9504-6099DC37AE16}.Stats|x86.Build.0 = Release|Any CPU
		{5B79D683-DC82-4BF0-8298-A449131B502D}.Debug|Any CPU.ActiveCfg = Debug|Any CPU
		{5B79D683-DC82-4BF0-8298-A449131B502D}.Debug|Any CPU.Build.0 = Debug|Any CPU
		{5B79D683-DC82-4BF0-8298-A449131B502D}.Debug|ARM.ActiveCfg = Debug|Any CPU
		{5B79D683-DC82-4BF0-8298-A449131B502D}.Debug|ARM.Build.0 = Debug|Any CPU
		{5B79D683-DC82-4BF0-8298-A449131B502D}.Debug|x64.ActiveCfg = Debug|Any CPU
		{5B79D683-DC82-4BF0-8298-A449131B502D}.Debug|x64.Build.0 = Debug|Any CPU
		{5B79D683-DC82-4BF0-8298-A449131B502D}.Debug|x86.ActiveCfg = Debug|Any CPU
		{5B79D683-DC82-4BF0-8298-A449131B502D}.Debug|x86.Build.0 = Debug|Any CPU
		{5B79D683-DC82-4BF0-8298-A449131B502D}.Release|Any CPU.ActiveCfg = Release|Any CPU
		{5B79D683-DC82-4BF0-8298-A449131B502D}.Release|Any CPU.Build.0 = Release|Any CPU
		{5B79D683-DC82-4BF0-8298-A449131B502D}.Release|ARM.ActiveCfg = Release|Any CPU
		{5B79D683-DC82-4BF0-8298-A449131B502D}.Release|ARM.Build.0 = Release|Any CPU
		{5B79D683-DC82-4BF0-8298-A449131B502D}.Release|x64.ActiveCfg = Release|Any CPU
		{5B79D683-DC82-4BF0-8298-A449131B502D}.Release|x64.Build.0 = Release|Any CPU
		{5B79D683-DC82-4BF0-8298-A449131B502D}.Release|x86.ActiveCfg = Release|Any CPU
		{5B79D683-DC82-4BF0-8298-A449131B502D}.Release|x86.Build.0 = Release|Any CPU
		{5B79D683-DC82-4BF0-8298-A449131B502D}.Stats|Any CPU.ActiveCfg = Release|Any CPU
		{5B79D683-DC82-4BF0-8298-A449131B502D}.Stats|Any CPU.Build.0 = Release|Any CPU
		{5B79D683-DC82-4BF0-8298-A449131B502D}.Stats|ARM.ActiveCfg = Release|Any CPU
		{5B79D683-DC82-4BF0-8298-A449131B502D}.Stats|ARM.Build.0 = Release|Any CPU
		{5B79D683-DC82-4BF0-8298-A449131B502D}.Stats|x64.ActiveCfg = Release|Any CPU
		{5B79D683-DC82-4BF0-8298-A449131B502D}.Stats|x64.Build.0 = Release|Any CPU
		{5B79D683-DC82-4BF0-8298-A449131B502D}.Stats|x86.ActiveCfg = Release|Any CPU
		{5B79D683-DC82-4BF0-8298-A449131B502D}.Stats|x86.Build.0 = Release|Any CPU
		{3F5A5E3E-8E9C-42DB-8C5B-F762C89D1A96}.Debug|Any CPU.ActiveCfg = Debug|Any CPU
		{3F5A5E3E-8E9C-42DB-8C5B-F762C89D1A96}.Debug|Any CPU.Build.0 = Debug|Any CPU
		{3F5A5E3E-8E9C-42DB-8C5B-F762C89D1A96}.Debug|ARM.ActiveCfg = Debug|Any CPU
		{3F5A5E3E-8E9C-42DB-8C5B-F762C89D1A96}.Debug|ARM.Build.0 = Debug|Any CPU
		{3F5A5E3E-8E9C-42DB-8C5B-F762C89D1A96}.Debug|x64.ActiveCfg = Debug|Any CPU
		{3F5A5E3E-8E9C-42DB-8C5B-F762C89D1A96}.Debug|x64.Build.0 = Debug|Any CPU
		{3F5A5E3E-8E9C-42DB-8C5B-F762C89D1A96}.Debug|x86.ActiveCfg = Debug|Any CPU
		{3F5A5E3E-8E9C-42DB-8C5B-F762C89D1A96}.Debug|x86.Build.0 = Debug|Any CPU
		{3F5A5E3E-8E9C-42DB-8C5B-F762C89D1A96}.Release|Any CPU.ActiveCfg = Release|Any CPU
		{3F5A5E3E-8E9C-42DB-8C5B-F762C89D1A96}.Release|Any CPU.Build.0 = Release|Any CPU
		{3F5A5E3E-8E9C-42DB-8C5B-F762C89D1A96}.Release|ARM.ActiveCfg = Release|Any CPU
		{3F5A5E3E-8E9C-42DB-8C5B-F762C89D1A96}.Release|ARM.Build.0 = Release|Any CPU
		{3F5A5E3E-8E9C-42DB-8C5B-F762C89D1A96}.Release|x64.ActiveCfg = Release|Any CPU
		{3F5A5E3E-8E9C-42DB-8C5B-F762C89D1A96}.Release|x64.Build.0 = Release|Any CPU
		{3F5A5E3E-8E9C-42DB-8C5B-F762C89D1A96}.Release|x86.ActiveCfg = Release|Any CPU
		{3F5A5E3E-8E9C-42DB-8C5B-F762C89D1A96}.Release|x86.Build.0 = Release|Any CPU
		{3F5A5E3E-8E9C-42DB-8C5B-F762C89D1A96}.Stats|Any CPU.ActiveCfg = Release|Any CPU
		{3F5A5E3E-8E9C-42DB-8C5B-F762C89D1A96}.Stats|Any CPU.Build.0 = Release|Any CPU
		{3F5A5E3E-8E9C-42DB-8C5B-F762C89D1A96}.Stats|ARM.ActiveCfg = Release|Any CPU
		{3F5A5E3E-8E9C-42DB-8C5B-F762C89D1A96}.Stats|ARM.Build.0 = Release|Any CPU
		{3F5A5E3E-8E9C-42DB-8C5B-F762C89D1A96}.Stats|x64.ActiveCfg = Release|Any CPU
		{3F5A5E3E-8E9C-42DB-8C5B-F762C89D1A96}.Stats|x64.Build.0 = Release|Any CPU
		{3F5A5E3E-8E9C-42DB-8C5B-F762C89D1A96}.Stats|x86.ActiveCfg = Release|Any CPU
		{3F5A5E3E-8E9C-42DB-8C5B-F762C89D1A96}.Stats|x86.Build.0 = Release|Any CPU
		{00C358B3-5175-49D4-9FD3-7A2F0B73B529}.Debug|Any CPU.ActiveCfg = Debug|Any CPU
		{00C358B3-5175-49D4-9FD3-7A2F0B73B529}.Debug|Any CPU.Build.0 = Debug|Any CPU
		{00C358B3-5175-49D4-9FD3-7A2F0B73B529}.Debug|ARM.ActiveCfg = Debug|Any CPU
		{00C358B3-5175-49D4-9FD3-7A2F0B73B529}.Debug|ARM.Build.0 = Debug|Any CPU
		{00C358B3-5175-49D4-9FD3-7A2F0B73B529}.Debug|x64.ActiveCfg = Debug|Any CPU
		{00C358B3-5175-49D4-9FD3-7A2F0B73B529}.Debug|x64.Build.0 = Debug|Any CPU
		{00C358B3-5175-49D4-9FD3-7A2F0B73B529}.Debug|x86.ActiveCfg = Debug|Any CPU
		{00C358B3-5175-49D4-9FD3-7A2F0B73B529}.Debug|x86.Build.0 = Debug|Any CPU
		{00C358B3-5175-49D4-9FD3-7A2F0B73B529}.Release|Any CPU.ActiveCfg = Release|Any CPU
		{00C358B3-5175-49D4-9FD3-7A2F0B73B529}.Release|Any CPU.Build.0 = Release|Any CPU
		{00C358B3-5175-49D4-9FD3-7A2F0B73B529}.Release|ARM.ActiveCfg = Release|Any CPU
		{00C358B3-5175-49D4-9FD3-7A2F0B73B529}.Release|ARM.Build.0 = Release|Any CPU
		{00C358B3-5175-49D4-9FD3-7A2F0B73B529}.Release|x64.ActiveCfg = Release|Any CPU
		{00C358B3-5175-49D4-9FD3-7A2F0B73B529}.Release|x64.Build.0 = Release|Any CPU
		{00C358B3-5175-49D4-9FD3-7A2F0B73B529}.Release|x86.ActiveCfg = Release|Any CPU
		{00C358B3-5175-49D4-9FD3-7A2F0B73B529}.Release|x86.Build.0 = Release|Any CPU
		{00C358B3-5175-49D4-9FD3-7A2F0B73B529}.Stats|Any CPU.ActiveCfg = Release|Any CPU
		{00C358B3-5175-49D4-9FD3-7A2F0B73B529}.Stats|Any CPU.Build.0 = Release|Any CPU
		{00C358B3-5175-49D4-9FD3-7A2F0B73B529}.Stats|ARM.ActiveCfg = Release|Any CPU
		{00C358B3-5175-49D4-9FD3-7A2F0B73B529}.Stats|ARM.Build.0 = Release|Any CPU
		{00C358B3-5175-49D4-9FD3-7A2F0B73B529}.Stats|x64.ActiveCfg = Release|Any CPU
		{00C358B3-5175-49D4-9FD3-7A2F0B73B529}.Stats|x64.Build.0 = Release|Any CPU
		{00C358B3-5175-49D4-9FD3-7A2F0B73B529}.Stats|x86.ActiveCfg = Release|Any CPU
		{00C358B3-5175-49D4-9FD3-7A2F0B73B529}.Stats|x86.Build.0 = Release|Any CPU
		{3DF7355C-DB38-4E79-820F-6F87C54E8175}.Debug|Any CPU.ActiveCfg = Debug|Any CPU
		{3DF7355C-DB38-4E79-820F-6F87C54E8175}.Debug|Any CPU.Build.0 = Debug|Any CPU
		{3DF7355C-DB38-4E79-820F-6F87C54E8175}.Debug|ARM.ActiveCfg = Debug|Any CPU
		{3DF7355C-DB38-4E79-820F-6F87C54E8175}.Debug|ARM.Build.0 = Debug|Any CPU
		{3DF7355C-DB38-4E79-820F-6F87C54E8175}.Debug|x64.ActiveCfg = Debug|Any CPU
		{3DF7355C-DB38-4E79-820F-6F87C54E8175}.Debug|x64.Build.0 = Debug|Any CPU
		{3DF7355C-DB38-4E79-820F-6F87C54E8175}.Debug|x86.ActiveCfg = Debug|Any CPU
		{3DF7355C-DB38-4E79-820F-6F87C54E8175}.Debug|x86.Build.0 = Debug|Any CPU
		{3DF7355C-DB38-4E79-820F-6F87C54E8175}.Release|Any CPU.ActiveCfg = Release|Any CPU
		{3DF7355C-DB38-4E79-820F-6F87C54E8175}.Release|Any CPU.Build.0 = Release|Any CPU
		{3DF7355C-DB38-4E79-820F-6F87C54E8175}.Release|ARM.ActiveCfg = Release|Any CPU
		{3DF7355C-DB38-4E79-820F-6F87C54E8175}.Release|ARM.Build.0 = Release|Any CPU
		{3DF7355C-DB38-4E79-820F-6F87C54E8175}.Release|x64.ActiveCfg = Release|Any CPU
		{3DF7355C-DB38-4E79-820F-6F87C54E8175}.Release|x64.Build.0 = Release|Any CPU
		{3DF7355C-DB38-4E79-820F-6F87C54E8175}.Release|x86.ActiveCfg = Release|Any CPU
		{3DF7355C-DB38-4E79-820F-6F87C54E8175}.Release|x86.Build.0 = Release|Any CPU
		{3DF7355C-DB38-4E79-820F-6F87C54E8175}.Stats|Any CPU.ActiveCfg = Release|Any CPU
		{3DF7355C-DB38-4E79-820F-6F87C54E8175}.Stats|Any CPU.Build.0 = Release|Any CPU
		{3DF7355C-DB38-4E79-820F-6F87C54E8175}.Stats|ARM.ActiveCfg = Release|Any CPU
		{3DF7355C-DB38-4E79-820F-6F87C54E8175}.Stats|ARM.Build.0 = Release|Any CPU
		{3DF7355C-DB38-4E79-820F-6F87C54E8175}.Stats|x64.ActiveCfg = Release|Any CPU
		{3DF7355C-DB38-4E79-820F-6F87C54E8175}.Stats|x64.Build.0 = Release|Any CPU
		{3DF7355C-DB38-4E79-820F-6F87C54E8175}.Stats|x86.ActiveCfg = Release|Any CPU
		{3DF7355C-DB38-4E79-820F-6F87C54E8175}.Stats|x86.Build.0 = Release|Any CPU
		{6D57830F-C061-48E3-A32D-8FF6D233D850}.Debug|Any CPU.ActiveCfg = Debug|Any CPU
		{6D57830F-C061-48E3-A32D-8FF6D233D850}.Debug|Any CPU.Build.0 = Debug|Any CPU
		{6D57830F-C061-48E3-A32D-8FF6D233D850}.Debug|ARM.ActiveCfg = Debug|Any CPU
		{6D57830F-C061-48E3-A32D-8FF6D233D850}.Debug|ARM.Build.0 = Debug|Any CPU
		{6D57830F-C061-48E3-A32D-8FF6D233D850}.Debug|x64.ActiveCfg = Debug|Any CPU
		{6D57830F-C061-48E3-A32D-8FF6D233D850}.Debug|x64.Build.0 = Debug|Any CPU
		{6D57830F-C061-48E3-A32D-8FF6D233D850}.Debug|x86.ActiveCfg = Debug|Any CPU
		{6D57830F-C061-48E3-A32D-8FF6D233D850}.Debug|x86.Build.0 = Debug|Any CPU
		{6D57830F-C061-48E3-A32D-8FF6D233D850}.Release|Any CPU.ActiveCfg = Release|Any CPU
		{6D57830F-C061-48E3-A32D-8FF6D233D850}.Release|Any CPU.Build.0 = Release|Any CPU
		{6D57830F-C061-48E3-A32D-8FF6D233D850}.Release|ARM.ActiveCfg = Release|Any CPU
		{6D57830F-C061-48E3-A32D-8FF6D233D850}.Release|ARM.Build.0 = Release|Any CPU
		{6D57830F-C061-48E3-A32D-8FF6D233D850}.Release|x64.ActiveCfg = Release|Any CPU
		{6D57830F-C061-48E3-A32D-8FF6D233D850}.Release|x64.Build.0 = Release|Any CPU
		{6D57830F-C061-48E3-A32D-8FF6D233D850}.Release|x86.ActiveCfg = Release|Any CPU
		{6D57830F-C061-48E3-A32D-8FF6D233D850}.Release|x86.Build.0 = Release|Any CPU
		{6D57830F-C061-48E3-A32D-8FF6D233D850}.Stats|Any CPU.ActiveCfg = Release|Any CPU
		{6D57830F-C061-48E3-A32D-8FF6D233D850}.Stats|Any CPU.Build.0 = Release|Any CPU
		{6D57830F-C061-48E3-A32D-8FF6D233D850}.Stats|ARM.ActiveCfg = Release|Any CPU
		{6D57830F-C061-48E3-A32D-8FF6D233D850}.Stats|ARM.Build.0 = Release|Any CPU
		{6D57830F-C061-48E3-A32D-8FF6D233D850}.Stats|x64.ActiveCfg = Release|Any CPU
		{6D57830F-C061-48E3-A32D-8FF6D233D850}.Stats|x64.Build.0 = Release|Any CPU
		{6D57830F-C061-48E3-A32D-8FF6D233D850}.Stats|x86.ActiveCfg = Release|Any CPU
		{6D57830F-C061-48E3-A32D-8FF6D233D850}.Stats|x86.Build.0 = Release|Any CPU
		{FBBBCE98-2E04-47BE-99FA-F1923F011DC9}.Debug|Any CPU.ActiveCfg = Debug|Any CPU
		{FBBBCE98-2E04-47BE-99FA-F1923F011DC9}.Debug|Any CPU.Build.0 = Debug|Any CPU
		{FBBBCE98-2E04-47BE-99FA-F1923F011DC9}.Debug|ARM.ActiveCfg = Debug|Any CPU
		{FBBBCE98-2E04-47BE-99FA-F1923F011DC9}.Debug|ARM.Build.0 = Debug|Any CPU
		{FBBBCE98-2E04-47BE-99FA-F1923F011DC9}.Debug|x64.ActiveCfg = Debug|Any CPU
		{FBBBCE98-2E04-47BE-99FA-F1923F011DC9}.Debug|x64.Build.0 = Debug|Any CPU
		{FBBBCE98-2E04-47BE-99FA-F1923F011DC9}.Debug|x86.ActiveCfg = Debug|Any CPU
		{FBBBCE98-2E04-47BE-99FA-F1923F011DC9}.Debug|x86.Build.0 = Debug|Any CPU
		{FBBBCE98-2E04-47BE-99FA-F1923F011DC9}.Release|Any CPU.ActiveCfg = Release|Any CPU
		{FBBBCE98-2E04-47BE-99FA-F1923F011DC9}.Release|Any CPU.Build.0 = Release|Any CPU
		{FBBBCE98-2E04-47BE-99FA-F1923F011DC9}.Release|ARM.ActiveCfg = Release|Any CPU
		{FBBBCE98-2E04-47BE-99FA-F1923F011DC9}.Release|ARM.Build.0 = Release|Any CPU
		{FBBBCE98-2E04-47BE-99FA-F1923F011DC9}.Release|x64.ActiveCfg = Release|Any CPU
		{FBBBCE98-2E04-47BE-99FA-F1923F011DC9}.Release|x64.Build.0 = Release|Any CPU
		{FBBBCE98-2E04-47BE-99FA-F1923F011DC9}.Release|x86.ActiveCfg = Release|Any CPU
		{FBBBCE98-2E04-47BE-99FA-F1923F011DC9}.Release|x86.Build.0 = Release|Any CPU
		{FBBBCE98-2E04-47BE-99FA-F1923F011DC9}.Stats|Any CPU.ActiveCfg = Release|Any CPU
		{FBBBCE98-2E04-47BE-99FA-F1923F011DC9}.Stats|Any CPU.Build.0 = Release|Any CPU
		{FBBBCE98-2E04-47BE-99FA-F1923F011DC9}.Stats|ARM.ActiveCfg = Release|Any CPU
		{FBBBCE98-2E04-47BE-99FA-F1923F011DC9}.Stats|ARM.Build.0 = Release|Any CPU
		{FBBBCE98-2E04-47BE-99FA-F1923F011DC9}.Stats|x64.ActiveCfg = Release|Any CPU
		{FBBBCE98-2E04-47BE-99FA-F1923F011DC9}.Stats|x64.Build.0 = Release|Any CPU
		{FBBBCE98-2E04-47BE-99FA-F1923F011DC9}.Stats|x86.ActiveCfg = Release|Any CPU
		{FBBBCE98-2E04-47BE-99FA-F1923F011DC9}.Stats|x86.Build.0 = Release|Any CPU
		{303B902F-8E73-4DD4-B742-9927F989C24C}.Debug|Any CPU.ActiveCfg = Debug|Any CPU
		{303B902F-8E73-4DD4-B742-9927F989C24C}.Debug|Any CPU.Build.0 = Debug|Any CPU
		{303B902F-8E73-4DD4-B742-9927F989C24C}.Debug|ARM.ActiveCfg = Debug|Any CPU
		{303B902F-8E73-4DD4-B742-9927F989C24C}.Debug|ARM.Build.0 = Debug|Any CPU
		{303B902F-8E73-4DD4-B742-9927F989C24C}.Debug|x64.ActiveCfg = Debug|Any CPU
		{303B902F-8E73-4DD4-B742-9927F989C24C}.Debug|x64.Build.0 = Debug|Any CPU
		{303B902F-8E73-4DD4-B742-9927F989C24C}.Debug|x86.ActiveCfg = Debug|Any CPU
		{303B902F-8E73-4DD4-B742-9927F989C24C}.Debug|x86.Build.0 = Debug|Any CPU
		{303B902F-8E73-4DD4-B742-9927F989C24C}.Release|Any CPU.ActiveCfg = Release|Any CPU
		{303B902F-8E73-4DD4-B742-9927F989C24C}.Release|Any CPU.Build.0 = Release|Any CPU
		{303B902F-8E73-4DD4-B742-9927F989C24C}.Release|ARM.ActiveCfg = Release|Any CPU
		{303B902F-8E73-4DD4-B742-9927F989C24C}.Release|ARM.Build.0 = Release|Any CPU
		{303B902F-8E73-4DD4-B742-9927F989C24C}.Release|x64.ActiveCfg = Release|Any CPU
		{303B902F-8E73-4DD4-B742-9927F989C24C}.Release|x64.Build.0 = Release|Any CPU
		{303B902F-8E73-4DD4-B742-9927F989C24C}.Release|x86.ActiveCfg = Release|Any CPU
		{303B902F-8E73-4DD4-B742-9927F989C24C}.Release|x86.Build.0 = Release|Any CPU
		{303B902F-8E73-4DD4-B742-9927F989C24C}.Stats|Any CPU.ActiveCfg = Release|Any CPU
		{303B902F-8E73-4DD4-B742-9927F989C24C}.Stats|Any CPU.Build.0 = Release|Any CPU
		{303B902F-8E73-4DD4-B742-9927F989C24C}.Stats|ARM.ActiveCfg = Release|Any CPU
		{303B902F-8E73-4DD4-B742-9927F989C24C}.Stats|ARM.Build.0 = Release|Any CPU
		{303B902F-8E73-4DD4-B742-9927F989C24C}.Stats|x64.ActiveCfg = Release|Any CPU
		{303B902F-8E73-4DD4-B742-9927F989C24C}.Stats|x64.Build.0 = Release|Any CPU
		{303B902F-8E73-4DD4-B742-9927F989C24C}.Stats|x86.ActiveCfg = Release|Any CPU
		{303B902F-8E73-4DD4-B742-9927F989C24C}.Stats|x86.Build.0 = Release|Any CPU
		{37F33B95-D2FC-4087-848E-482CB7456F65}.Debug|Any CPU.ActiveCfg = Debug|Any CPU
		{37F33B95-D2FC-4087-848E-482CB7456F65}.Debug|Any CPU.Build.0 = Debug|Any CPU
		{37F33B95-D2FC-4087-848E-482CB7456F65}.Debug|ARM.ActiveCfg = Debug|Any CPU
		{37F33B95-D2FC-4087-848E-482CB7456F65}.Debug|ARM.Build.0 = Debug|Any CPU
		{37F33B95-D2FC-4087-848E-482CB7456F65}.Debug|x64.ActiveCfg = Debug|Any CPU
		{37F33B95-D2FC-4087-848E-482CB7456F65}.Debug|x64.Build.0 = Debug|Any CPU
		{37F33B95-D2FC-4087-848E-482CB7456F65}.Debug|x86.ActiveCfg = Debug|Any CPU
		{37F33B95-D2FC-4087-848E-482CB7456F65}.Debug|x86.Build.0 = Debug|Any CPU
		{37F33B95-D2FC-4087-848E-482CB7456F65}.Release|Any CPU.ActiveCfg = Release|Any CPU
		{37F33B95-D2FC-4087-848E-482CB7456F65}.Release|Any CPU.Build.0 = Release|Any CPU
		{37F33B95-D2FC-4087-848E-482CB7456F65}.Release|ARM.ActiveCfg = Release|Any CPU
		{37F33B95-D2FC-4087-848E-482CB7456F65}.Release|ARM.Build.0 = Release|Any CPU
		{37F33B95-D2FC-4087-848E-482CB7456F65}.Release|x64.ActiveCfg = Release|Any CPU
		{37F33B95-D2FC-4087-848E-482CB7456F65}.Release|x64.Build.0 = Release|Any CPU
		{37F33B95-D2FC-4087-848E-482CB7456F65}.Release|x86.ActiveCfg = Release|Any CPU
		{37F33B95-D2FC-4087-848E-482CB7456F65}.Release|x86.Build.0 = Release|Any CPU
		{37F33B95-D2FC-4087-848E-482CB7456F65}.Stats|Any CPU.ActiveCfg = Release|Any CPU
		{37F33B95-D2FC-4087-848E-482CB7456F65}.Stats|Any CPU.Build.0 = Release|Any CPU
		{37F33B95-D2FC-4087-848E-482CB7456F65}.Stats|ARM.ActiveCfg = Release|Any CPU
		{37F33B95-D2FC-4087-848E-482CB7456F65}.Stats|ARM.Build.0 = Release|Any CPU
		{37F33B95-D2FC-4087-848E-482CB7456F65}.Stats|x64.ActiveCfg = Release|Any CPU
		{37F33B95-D2FC-4087-848E-482CB7456F65}.Stats|x64.Build.0 = Release|Any CPU
		{37F33B95-D2FC-4087-848E-482CB7456F65}.Stats|x86.ActiveCfg = Release|Any CPU
		{37F33B95-D2FC-4087-848E-482CB7456F65}.Stats|x86.Build.0 = Release|Any CPU
		{EC5D1A48-FECB-4FE1-A229-E2393A1CB588}.Debug|Any CPU.ActiveCfg = Debug|Any CPU
		{EC5D1A48-FECB-4FE1-A229-E2393A1CB588}.Debug|Any CPU.Build.0 = Debug|Any CPU
		{EC5D1A48-FECB-4FE1-A229-E2393A1CB588}.Debug|ARM.ActiveCfg = Debug|Any CPU
		{EC5D1A48-FECB-4FE1-A229-E2393A1CB588}.Debug|ARM.Build.0 = Debug|Any CPU
		{EC5D1A48-FECB-4FE1-A229-E2393A1CB588}.Debug|x64.ActiveCfg = Debug|Any CPU
		{EC5D1A48-FECB-4FE1-A229-E2393A1CB588}.Debug|x64.Build.0 = Debug|Any CPU
		{EC5D1A48-FECB-4FE1-A229-E2393A1CB588}.Debug|x86.ActiveCfg = Debug|Any CPU
		{EC5D1A48-FECB-4FE1-A229-E2393A1CB588}.Debug|x86.Build.0 = Debug|Any CPU
		{EC5D1A48-FECB-4FE1-A229-E2393A1CB588}.Release|Any CPU.ActiveCfg = Release|Any CPU
		{EC5D1A48-FECB-4FE1-A229-E2393A1CB588}.Release|Any CPU.Build.0 = Release|Any CPU
		{EC5D1A48-FECB-4FE1-A229-E2393A1CB588}.Release|ARM.ActiveCfg = Release|Any CPU
		{EC5D1A48-FECB-4FE1-A229-E2393A1CB588}.Release|ARM.Build.0 = Release|Any CPU
		{EC5D1A48-FECB-4FE1-A229-E2393A1CB588}.Release|x64.ActiveCfg = Release|Any CPU
		{EC5D1A48-FECB-4FE1-A229-E2393A1CB588}.Release|x64.Build.0 = Release|Any CPU
		{EC5D1A48-FECB-4FE1-A229-E2393A1CB588}.Release|x86.ActiveCfg = Release|Any CPU
		{EC5D1A48-FECB-4FE1-A229-E2393A1CB588}.Release|x86.Build.0 = Release|Any CPU
		{EC5D1A48-FECB-4FE1-A229-E2393A1CB588}.Stats|Any CPU.ActiveCfg = Release|Any CPU
		{EC5D1A48-FECB-4FE1-A229-E2393A1CB588}.Stats|Any CPU.Build.0 = Release|Any CPU
		{EC5D1A48-FECB-4FE1-A229-E2393A1CB588}.Stats|ARM.ActiveCfg = Release|Any CPU
		{EC5D1A48-FECB-4FE1-A229-E2393A1CB588}.Stats|ARM.Build.0 = Release|Any CPU
		{EC5D1A48-FECB-4FE1-A229-E2393A1CB588}.Stats|x64.ActiveCfg = Release|Any CPU
		{EC5D1A48-FECB-4FE1-A229-E2393A1CB588}.Stats|x64.Build.0 = Release|Any CPU
		{EC5D1A48-FECB-4FE1-A229-E2393A1CB588}.Stats|x86.ActiveCfg = Release|Any CPU
		{EC5D1A48-FECB-4FE1-A229-E2393A1CB588}.Stats|x86.Build.0 = Release|Any CPU
		{51E3A23B-6F2C-4C94-8A0B-4CAB47CCDBB2}.Debug|Any CPU.ActiveCfg = Debug|Any CPU
		{51E3A23B-6F2C-4C94-8A0B-4CAB47CCDBB2}.Debug|Any CPU.Build.0 = Debug|Any CPU
		{51E3A23B-6F2C-4C94-8A0B-4CAB47CCDBB2}.Debug|ARM.ActiveCfg = Debug|Any CPU
		{51E3A23B-6F2C-4C94-8A0B-4CAB47CCDBB2}.Debug|ARM.Build.0 = Debug|Any CPU
		{51E3A23B-6F2C-4C94-8A0B-4CAB47CCDBB2}.Debug|x64.ActiveCfg = Debug|Any CPU
		{51E3A23B-6F2C-4C94-8A0B-4CAB47CCDBB2}.Debug|x64.Build.0 = Debug|Any CPU
		{51E3A23B-6F2C-4C94-8A0B-4CAB47CCDBB2}.Debug|x86.ActiveCfg = Debug|Any CPU
		{51E3A23B-6F2C-4C94-8A0B-4CAB47CCDBB2}.Debug|x86.Build.0 = Debug|Any CPU
		{51E3A23B-6F2C-4C94-8A0B-4CAB47CCDBB2}.Release|Any CPU.ActiveCfg = Release|Any CPU
		{51E3A23B-6F2C-4C94-8A0B-4CAB47CCDBB2}.Release|Any CPU.Build.0 = Release|Any CPU
		{51E3A23B-6F2C-4C94-8A0B-4CAB47CCDBB2}.Release|ARM.ActiveCfg = Release|Any CPU
		{51E3A23B-6F2C-4C94-8A0B-4CAB47CCDBB2}.Release|ARM.Build.0 = Release|Any CPU
		{51E3A23B-6F2C-4C94-8A0B-4CAB47CCDBB2}.Release|x64.ActiveCfg = Release|Any CPU
		{51E3A23B-6F2C-4C94-8A0B-4CAB47CCDBB2}.Release|x64.Build.0 = Release|Any CPU
		{51E3A23B-6F2C-4C94-8A0B-4CAB47CCDBB2}.Release|x86.ActiveCfg = Release|Any CPU
		{51E3A23B-6F2C-4C94-8A0B-4CAB47CCDBB2}.Release|x86.Build.0 = Release|Any CPU
		{51E3A23B-6F2C-4C94-8A0B-4CAB47CCDBB2}.Stats|Any CPU.ActiveCfg = Release|Any CPU
		{51E3A23B-6F2C-4C94-8A0B-4CAB47CCDBB2}.Stats|Any CPU.Build.0 = Release|Any CPU
		{51E3A23B-6F2C-4C94-8A0B-4CAB47CCDBB2}.Stats|ARM.ActiveCfg = Release|Any CPU
		{51E3A23B-6F2C-4C94-8A0B-4CAB47CCDBB2}.Stats|ARM.Build.0 = Release|Any CPU
		{51E3A23B-6F2C-4C94-8A0B-4CAB47CCDBB2}.Stats|x64.ActiveCfg = Release|Any CPU
		{51E3A23B-6F2C-4C94-8A0B-4CAB47CCDBB2}.Stats|x64.Build.0 = Release|Any CPU
		{51E3A23B-6F2C-4C94-8A0B-4CAB47CCDBB2}.Stats|x86.ActiveCfg = Release|Any CPU
		{51E3A23B-6F2C-4C94-8A0B-4CAB47CCDBB2}.Stats|x86.Build.0 = Release|Any CPU
		{61F1925D-4454-4C91-BC46-BCD126E088FB}.Debug|Any CPU.ActiveCfg = Debug|Any CPU
		{61F1925D-4454-4C91-BC46-BCD126E088FB}.Debug|Any CPU.Build.0 = Debug|Any CPU
		{61F1925D-4454-4C91-BC46-BCD126E088FB}.Debug|ARM.ActiveCfg = Debug|Any CPU
		{61F1925D-4454-4C91-BC46-BCD126E088FB}.Debug|ARM.Build.0 = Debug|Any CPU
		{61F1925D-4454-4C91-BC46-BCD126E088FB}.Debug|x64.ActiveCfg = Debug|Any CPU
		{61F1925D-4454-4C91-BC46-BCD126E088FB}.Debug|x64.Build.0 = Debug|Any CPU
		{61F1925D-4454-4C91-BC46-BCD126E088FB}.Debug|x86.ActiveCfg = Debug|Any CPU
		{61F1925D-4454-4C91-BC46-BCD126E088FB}.Debug|x86.Build.0 = Debug|Any CPU
		{61F1925D-4454-4C91-BC46-BCD126E088FB}.Release|Any CPU.ActiveCfg = Release|Any CPU
		{61F1925D-4454-4C91-BC46-BCD126E088FB}.Release|Any CPU.Build.0 = Release|Any CPU
		{61F1925D-4454-4C91-BC46-BCD126E088FB}.Release|ARM.ActiveCfg = Release|Any CPU
		{61F1925D-4454-4C91-BC46-BCD126E088FB}.Release|ARM.Build.0 = Release|Any CPU
		{61F1925D-4454-4C91-BC46-BCD126E088FB}.Release|x64.ActiveCfg = Release|Any CPU
		{61F1925D-4454-4C91-BC46-BCD126E088FB}.Release|x64.Build.0 = Release|Any CPU
		{61F1925D-4454-4C91-BC46-BCD126E088FB}.Release|x86.ActiveCfg = Release|Any CPU
		{61F1925D-4454-4C91-BC46-BCD126E088FB}.Release|x86.Build.0 = Release|Any CPU
		{61F1925D-4454-4C91-BC46-BCD126E088FB}.Stats|Any CPU.ActiveCfg = Release|Any CPU
		{61F1925D-4454-4C91-BC46-BCD126E088FB}.Stats|Any CPU.Build.0 = Release|Any CPU
		{61F1925D-4454-4C91-BC46-BCD126E088FB}.Stats|ARM.ActiveCfg = Release|Any CPU
		{61F1925D-4454-4C91-BC46-BCD126E088FB}.Stats|ARM.Build.0 = Release|Any CPU
		{61F1925D-4454-4C91-BC46-BCD126E088FB}.Stats|x64.ActiveCfg = Release|Any CPU
		{61F1925D-4454-4C91-BC46-BCD126E088FB}.Stats|x64.Build.0 = Release|Any CPU
		{61F1925D-4454-4C91-BC46-BCD126E088FB}.Stats|x86.ActiveCfg = Release|Any CPU
		{61F1925D-4454-4C91-BC46-BCD126E088FB}.Stats|x86.Build.0 = Release|Any CPU
	EndGlobalSection
	GlobalSection(SolutionProperties) = preSolution
		HideSolutionNode = FALSE
	EndGlobalSection
	GlobalSection(NestedProjects) = preSolution
		{509CF3E6-D1F7-4E7E-816F-9A0A22215AAD} = {CDABCC16-5AC5-46BC-82EE-FF207503116E}
		{307C27E7-032A-4A44-9D4D-F4F0A4E28BC7} = {CDABCC16-5AC5-46BC-82EE-FF207503116E}
		{411A9E0E-FDC6-4E25-828A-0C2CD1CD96F8} = {CDABCC16-5AC5-46BC-82EE-FF207503116E}
		{947F53D2-F9D7-458E-9978-6E065166D30B} = {CDABCC16-5AC5-46BC-82EE-FF207503116E}
		{FD168229-CD08-4A84-91D7-A1823893502C} = {6602EB6F-07FC-4B33-8B96-B39E1856EE58}
		{AC5F9C61-F444-4A33-8DC4-31AB5386D352} = {45275B2C-012F-4BB2-850D-8EB2CACF1777}
		{194DF137-5794-41C9-9916-46A516EE22C3} = {CDABCC16-5AC5-46BC-82EE-FF207503116E}
		{1B8E1784-D6CB-4ECB-908D-1E242E4D9561} = {CDABCC16-5AC5-46BC-82EE-FF207503116E}
		{7702E67D-0755-4F25-A013-767B069309B5} = {CDABCC16-5AC5-46BC-82EE-FF207503116E}
		{89041174-4556-4720-8171-10080640E11F} = {6602EB6F-07FC-4B33-8B96-B39E1856EE58}
		{19B2E699-A030-4A5E-9D80-73B7E8BBE531} = {2B647F63-79C1-4EDC-B304-B610F6A54E8A}
		{0D7DCDCA-ED0A-430B-9AA4-7C0E02297F40} = {6602EB6F-07FC-4B33-8B96-B39E1856EE58}
		{1A1BBC9C-3618-47B2-A55B-B1CCF03ED9E7} = {45275B2C-012F-4BB2-850D-8EB2CACF1777}
		{95B608F5-B52F-436D-9673-D851FB8051E6} = {CDABCC16-5AC5-46BC-82EE-FF207503116E}
		{09F28CA8-9BAA-45CB-89DF-BA4C3F21E29A} = {CDABCC16-5AC5-46BC-82EE-FF207503116E}
		{0601225E-D97E-42D7-9E25-5EC6A4BFD4BF} = {59ED96FE-6FFA-4597-9D05-BD42522C0483}
		{EA883F45-974A-4081-A355-54FB6AFBA788} = {3E05D6D5-536A-4257-A962-5871E9165AB3}
		{359529AD-8C7F-4D46-BAFD-A1F8234141B0} = {3E05D6D5-536A-4257-A962-5871E9165AB3}
		{40CF55C5-9CF0-4889-8DAF-1401184E2303} = {3E05D6D5-536A-4257-A962-5871E9165AB3}
		{62E94EC8-5494-49CD-AFC9-930DCB82A08D} = {3E05D6D5-536A-4257-A962-5871E9165AB3}
		{6B56A4BF-4BBE-4C43-B41D-AF29DC1FF1E9} = {3E05D6D5-536A-4257-A962-5871E9165AB3}
		{217F78B5-9DF9-4DB5-BE14-6B80591F8343} = {3E05D6D5-536A-4257-A962-5871E9165AB3}
		{6F24C822-6AF9-47CB-A56C-BC029272FD98} = {9A30CD67-F450-4BF0-93DF-FCF75F8C5B02}
		{9EA18C60-4D49-49E1-B1A2-DBB7779B9E3F} = {9A30CD67-F450-4BF0-93DF-FCF75F8C5B02}
		{06F51F2B-4BBB-4F59-9504-6099DC37AE16} = {9A30CD67-F450-4BF0-93DF-FCF75F8C5B02}
		{5B79D683-DC82-4BF0-8298-A449131B502D} = {9A30CD67-F450-4BF0-93DF-FCF75F8C5B02}
		{3F5A5E3E-8E9C-42DB-8C5B-F762C89D1A96} = {9A30CD67-F450-4BF0-93DF-FCF75F8C5B02}
		{00C358B3-5175-49D4-9FD3-7A2F0B73B529} = {9A30CD67-F450-4BF0-93DF-FCF75F8C5B02}
		{3DF7355C-DB38-4E79-820F-6F87C54E8175} = {9A30CD67-F450-4BF0-93DF-FCF75F8C5B02}
		{6D57830F-C061-48E3-A32D-8FF6D233D850} = {9A30CD67-F450-4BF0-93DF-FCF75F8C5B02}
		{90F49474-3BBC-406F-99C7-34CA28FC132E} = {59ED96FE-6FFA-4597-9D05-BD42522C0483}
		{3E05D6D5-536A-4257-A962-5871E9165AB3} = {59ED96FE-6FFA-4597-9D05-BD42522C0483}
		{FBBBCE98-2E04-47BE-99FA-F1923F011DC9} = {74A1F927-C167-4E54-B70C-03D9DBAF4C37}
		{74A1F927-C167-4E54-B70C-03D9DBAF4C37} = {90F49474-3BBC-406F-99C7-34CA28FC132E}
		{9A30CD67-F450-4BF0-93DF-FCF75F8C5B02} = {90F49474-3BBC-406F-99C7-34CA28FC132E}
		{303B902F-8E73-4DD4-B742-9927F989C24C} = {74A1F927-C167-4E54-B70C-03D9DBAF4C37}
		{37F33B95-D2FC-4087-848E-482CB7456F65} = {74A1F927-C167-4E54-B70C-03D9DBAF4C37}
		{EC5D1A48-FECB-4FE1-A229-E2393A1CB588} = {74A1F927-C167-4E54-B70C-03D9DBAF4C37}
		{51E3A23B-6F2C-4C94-8A0B-4CAB47CCDBB2} = {74A1F927-C167-4E54-B70C-03D9DBAF4C37}
		{61F1925D-4454-4C91-BC46-BCD126E088FB} = {CDABCC16-5AC5-46BC-82EE-FF207503116E}
	EndGlobalSection
EndGlobal
