
Microsoft Visual Studio Solution File, Format Version 12.00
# Visual Studio 14
VisualStudioVersion = 14.0.24720.0
MinimumVisualStudioVersion = 10.0.40219.1
Project("{FAE04EC0-301F-11D3-BF4B-00C04F79EFBC}") = "Renamer", "Renamer\Renamer.csproj", "{509CF3E6-D1F7-4E7E-816F-9A0A22215AAD}"
EndProject
Project("{FAE04EC0-301F-11D3-BF4B-00C04F79EFBC}") = "TorrentApp", "TorrentApp\TorrentApp.csproj", "{307C27E7-032A-4A44-9D4D-F4F0A4E28BC7}"
EndProject
Project("{FAE04EC0-301F-11D3-BF4B-00C04F79EFBC}") = "MonoTorrent", "T:\monotorrent-master\src\MonoTorrent\MonoTorrent.csproj", "{411A9E0E-FDC6-4E25-828A-0C2CD1CD96F8}"
EndProject
Project("{FAE04EC0-301F-11D3-BF4B-00C04F79EFBC}") = "xTorrent", "..\..\..\..\C#\Torrent клиент 2\xTorrent.csproj", "{947F53D2-F9D7-458E-9978-6E065166D30B}"
EndProject
Project("{2150E333-8FDC-42A3-9474-1A3956D46DE8}") = "WPF", "WPF", "{6602EB6F-07FC-4B33-8B96-B39E1856EE58}"
EndProject
Project("{FAE04EC0-301F-11D3-BF4B-00C04F79EFBC}") = "LoginPassword", "LoginPassword\LoginPassword.csproj", "{FD168229-CD08-4A84-91D7-A1823893502C}"
EndProject
Project("{FAE04EC0-301F-11D3-BF4B-00C04F79EFBC}") = "Timer", "Timer\Timer.csproj", "{75A2C256-5366-4AFA-996C-CDC2CF1F8016}"
EndProject
Project("{FAE04EC0-301F-11D3-BF4B-00C04F79EFBC}") = "AbstractFactory", "AbstractFactory\AbstractFactory.csproj", "{AC5F9C61-F444-4A33-8DC4-31AB5386D352}"
EndProject
Project("{2150E333-8FDC-42A3-9474-1A3956D46DE8}") = "Patterns", "Patterns", "{45275B2C-012F-4BB2-850D-8EB2CACF1777}"
EndProject
Project("{2150E333-8FDC-42A3-9474-1A3956D46DE8}") = "Other", "Other", "{CDABCC16-5AC5-46BC-82EE-FF207503116E}"
EndProject
Project("{FAE04EC0-301F-11D3-BF4B-00C04F79EFBC}") = "SearchWork", "SearchWork\SearchWork.csproj", "{194DF137-5794-41C9-9916-46A516EE22C3}"
EndProject
Global
	GlobalSection(SolutionConfigurationPlatforms) = preSolution
		Debug|Any CPU = Debug|Any CPU
		Debug|ARM = Debug|ARM
		Debug|x64 = Debug|x64
		Debug|x86 = Debug|x86
		Release|Any CPU = Release|Any CPU
		Release|ARM = Release|ARM
		Release|x64 = Release|x64
		Release|x86 = Release|x86
		Stats|Any CPU = Stats|Any CPU
		Stats|ARM = Stats|ARM
		Stats|x64 = Stats|x64
		Stats|x86 = Stats|x86
	EndGlobalSection
	GlobalSection(ProjectConfigurationPlatforms) = postSolution
		{509CF3E6-D1F7-4E7E-816F-9A0A22215AAD}.Debug|Any CPU.ActiveCfg = Debug|Any CPU
		{509CF3E6-D1F7-4E7E-816F-9A0A22215AAD}.Debug|Any CPU.Build.0 = Debug|Any CPU
		{509CF3E6-D1F7-4E7E-816F-9A0A22215AAD}.Debug|ARM.ActiveCfg = Debug|Any CPU
		{509CF3E6-D1F7-4E7E-816F-9A0A22215AAD}.Debug|ARM.Build.0 = Debug|Any CPU
		{509CF3E6-D1F7-4E7E-816F-9A0A22215AAD}.Debug|x64.ActiveCfg = Debug|Any CPU
		{509CF3E6-D1F7-4E7E-816F-9A0A22215AAD}.Debug|x64.Build.0 = Debug|Any CPU
		{509CF3E6-D1F7-4E7E-816F-9A0A22215AAD}.Debug|x86.ActiveCfg = Debug|Any CPU
		{509CF3E6-D1F7-4E7E-816F-9A0A22215AAD}.Debug|x86.Build.0 = Debug|Any CPU
		{509CF3E6-D1F7-4E7E-816F-9A0A22215AAD}.Release|Any CPU.ActiveCfg = Release|Any CPU
		{509CF3E6-D1F7-4E7E-816F-9A0A22215AAD}.Release|Any CPU.Build.0 = Release|Any CPU
		{509CF3E6-D1F7-4E7E-816F-9A0A22215AAD}.Release|ARM.ActiveCfg = Release|Any CPU
		{509CF3E6-D1F7-4E7E-816F-9A0A22215AAD}.Release|ARM.Build.0 = Release|Any CPU
		{509CF3E6-D1F7-4E7E-816F-9A0A22215AAD}.Release|x64.ActiveCfg = Release|Any CPU
		{509CF3E6-D1F7-4E7E-816F-9A0A22215AAD}.Release|x64.Build.0 = Release|Any CPU
		{509CF3E6-D1F7-4E7E-816F-9A0A22215AAD}.Release|x86.ActiveCfg = Release|Any CPU
		{509CF3E6-D1F7-4E7E-816F-9A0A22215AAD}.Release|x86.Build.0 = Release|Any CPU
		{509CF3E6-D1F7-4E7E-816F-9A0A22215AAD}.Stats|Any CPU.ActiveCfg = Release|Any CPU
		{509CF3E6-D1F7-4E7E-816F-9A0A22215AAD}.Stats|Any CPU.Build.0 = Release|Any CPU
		{509CF3E6-D1F7-4E7E-816F-9A0A22215AAD}.Stats|ARM.ActiveCfg = Release|Any CPU
		{509CF3E6-D1F7-4E7E-816F-9A0A22215AAD}.Stats|ARM.Build.0 = Release|Any CPU
		{509CF3E6-D1F7-4E7E-816F-9A0A22215AAD}.Stats|x64.ActiveCfg = Release|Any CPU
		{509CF3E6-D1F7-4E7E-816F-9A0A22215AAD}.Stats|x64.Build.0 = Release|Any CPU
		{509CF3E6-D1F7-4E7E-816F-9A0A22215AAD}.Stats|x86.ActiveCfg = Release|Any CPU
		{509CF3E6-D1F7-4E7E-816F-9A0A22215AAD}.Stats|x86.Build.0 = Release|Any CPU
		{307C27E7-032A-4A44-9D4D-F4F0A4E28BC7}.Debug|Any CPU.ActiveCfg = Debug|Any CPU
		{307C27E7-032A-4A44-9D4D-F4F0A4E28BC7}.Debug|Any CPU.Build.0 = Debug|Any CPU
		{307C27E7-032A-4A44-9D4D-F4F0A4E28BC7}.Debug|ARM.ActiveCfg = Debug|Any CPU
		{307C27E7-032A-4A44-9D4D-F4F0A4E28BC7}.Debug|ARM.Build.0 = Debug|Any CPU
		{307C27E7-032A-4A44-9D4D-F4F0A4E28BC7}.Debug|x64.ActiveCfg = Debug|Any CPU
		{307C27E7-032A-4A44-9D4D-F4F0A4E28BC7}.Debug|x64.Build.0 = Debug|Any CPU
		{307C27E7-032A-4A44-9D4D-F4F0A4E28BC7}.Debug|x86.ActiveCfg = Debug|Any CPU
		{307C27E7-032A-4A44-9D4D-F4F0A4E28BC7}.Debug|x86.Build.0 = Debug|Any CPU
		{307C27E7-032A-4A44-9D4D-F4F0A4E28BC7}.Release|Any CPU.ActiveCfg = Release|Any CPU
		{307C27E7-032A-4A44-9D4D-F4F0A4E28BC7}.Release|Any CPU.Build.0 = Release|Any CPU
		{307C27E7-032A-4A44-9D4D-F4F0A4E28BC7}.Release|ARM.ActiveCfg = Release|Any CPU
		{307C27E7-032A-4A44-9D4D-F4F0A4E28BC7}.Release|ARM.Build.0 = Release|Any CPU
		{307C27E7-032A-4A44-9D4D-F4F0A4E28BC7}.Release|x64.ActiveCfg = Release|Any CPU
		{307C27E7-032A-4A44-9D4D-F4F0A4E28BC7}.Release|x64.Build.0 = Release|Any CPU
		{307C27E7-032A-4A44-9D4D-F4F0A4E28BC7}.Release|x86.ActiveCfg = Release|Any CPU
		{307C27E7-032A-4A44-9D4D-F4F0A4E28BC7}.Release|x86.Build.0 = Release|Any CPU
		{307C27E7-032A-4A44-9D4D-F4F0A4E28BC7}.Stats|Any CPU.ActiveCfg = Release|Any CPU
		{307C27E7-032A-4A44-9D4D-F4F0A4E28BC7}.Stats|Any CPU.Build.0 = Release|Any CPU
		{307C27E7-032A-4A44-9D4D-F4F0A4E28BC7}.Stats|ARM.ActiveCfg = Release|Any CPU
		{307C27E7-032A-4A44-9D4D-F4F0A4E28BC7}.Stats|ARM.Build.0 = Release|Any CPU
		{307C27E7-032A-4A44-9D4D-F4F0A4E28BC7}.Stats|x64.ActiveCfg = Release|Any CPU
		{307C27E7-032A-4A44-9D4D-F4F0A4E28BC7}.Stats|x64.Build.0 = Release|Any CPU
		{307C27E7-032A-4A44-9D4D-F4F0A4E28BC7}.Stats|x86.ActiveCfg = Release|Any CPU
		{307C27E7-032A-4A44-9D4D-F4F0A4E28BC7}.Stats|x86.Build.0 = Release|Any CPU
		{411A9E0E-FDC6-4E25-828A-0C2CD1CD96F8}.Debug|Any CPU.ActiveCfg = Debug|Any CPU
		{411A9E0E-FDC6-4E25-828A-0C2CD1CD96F8}.Debug|Any CPU.Build.0 = Debug|Any CPU
		{411A9E0E-FDC6-4E25-828A-0C2CD1CD96F8}.Debug|ARM.ActiveCfg = Debug|Any CPU
		{411A9E0E-FDC6-4E25-828A-0C2CD1CD96F8}.Debug|x64.ActiveCfg = Debug|Any CPU
		{411A9E0E-FDC6-4E25-828A-0C2CD1CD96F8}.Debug|x86.ActiveCfg = Debug|Any CPU
		{411A9E0E-FDC6-4E25-828A-0C2CD1CD96F8}.Release|Any CPU.ActiveCfg = Release|Any CPU
		{411A9E0E-FDC6-4E25-828A-0C2CD1CD96F8}.Release|Any CPU.Build.0 = Release|Any CPU
		{411A9E0E-FDC6-4E25-828A-0C2CD1CD96F8}.Release|ARM.ActiveCfg = Release|Any CPU
		{411A9E0E-FDC6-4E25-828A-0C2CD1CD96F8}.Release|x64.ActiveCfg = Release|Any CPU
		{411A9E0E-FDC6-4E25-828A-0C2CD1CD96F8}.Release|x86.ActiveCfg = Release|Any CPU
		{411A9E0E-FDC6-4E25-828A-0C2CD1CD96F8}.Stats|Any CPU.ActiveCfg = Stats|Any CPU
		{411A9E0E-FDC6-4E25-828A-0C2CD1CD96F8}.Stats|Any CPU.Build.0 = Stats|Any CPU
		{411A9E0E-FDC6-4E25-828A-0C2CD1CD96F8}.Stats|ARM.ActiveCfg = Stats|Any CPU
		{411A9E0E-FDC6-4E25-828A-0C2CD1CD96F8}.Stats|x64.ActiveCfg = Stats|Any CPU
		{411A9E0E-FDC6-4E25-828A-0C2CD1CD96F8}.Stats|x86.ActiveCfg = Stats|Any CPU
		{947F53D2-F9D7-458E-9978-6E065166D30B}.Debug|Any CPU.ActiveCfg = Debug|Any CPU
		{947F53D2-F9D7-458E-9978-6E065166D30B}.Debug|Any CPU.Build.0 = Debug|Any CPU
		{947F53D2-F9D7-458E-9978-6E065166D30B}.Debug|ARM.ActiveCfg = Debug|Any CPU
		{947F53D2-F9D7-458E-9978-6E065166D30B}.Debug|x64.ActiveCfg = Debug|Any CPU
		{947F53D2-F9D7-458E-9978-6E065166D30B}.Debug|x86.ActiveCfg = Debug|Any CPU
		{947F53D2-F9D7-458E-9978-6E065166D30B}.Release|Any CPU.ActiveCfg = Release|Any CPU
		{947F53D2-F9D7-458E-9978-6E065166D30B}.Release|Any CPU.Build.0 = Release|Any CPU
		{947F53D2-F9D7-458E-9978-6E065166D30B}.Release|ARM.ActiveCfg = Release|Any CPU
		{947F53D2-F9D7-458E-9978-6E065166D30B}.Release|x64.ActiveCfg = Release|Any CPU
		{947F53D2-F9D7-458E-9978-6E065166D30B}.Release|x86.ActiveCfg = Release|Any CPU
		{947F53D2-F9D7-458E-9978-6E065166D30B}.Stats|Any CPU.ActiveCfg = Release|Any CPU
		{947F53D2-F9D7-458E-9978-6E065166D30B}.Stats|Any CPU.Build.0 = Release|Any CPU
		{947F53D2-F9D7-458E-9978-6E065166D30B}.Stats|ARM.ActiveCfg = Release|Any CPU
		{947F53D2-F9D7-458E-9978-6E065166D30B}.Stats|x64.ActiveCfg = Release|Any CPU
		{947F53D2-F9D7-458E-9978-6E065166D30B}.Stats|x86.ActiveCfg = Release|Any CPU
		{FD168229-CD08-4A84-91D7-A1823893502C}.Debug|Any CPU.ActiveCfg = Debug|Any CPU
		{FD168229-CD08-4A84-91D7-A1823893502C}.Debug|Any CPU.Build.0 = Debug|Any CPU
		{FD168229-CD08-4A84-91D7-A1823893502C}.Debug|ARM.ActiveCfg = Debug|Any CPU
		{FD168229-CD08-4A84-91D7-A1823893502C}.Debug|ARM.Build.0 = Debug|Any CPU
		{FD168229-CD08-4A84-91D7-A1823893502C}.Debug|x64.ActiveCfg = Debug|Any CPU
		{FD168229-CD08-4A84-91D7-A1823893502C}.Debug|x64.Build.0 = Debug|Any CPU
		{FD168229-CD08-4A84-91D7-A1823893502C}.Debug|x86.ActiveCfg = Debug|Any CPU
		{FD168229-CD08-4A84-91D7-A1823893502C}.Debug|x86.Build.0 = Debug|Any CPU
		{FD168229-CD08-4A84-91D7-A1823893502C}.Release|Any CPU.ActiveCfg = Release|Any CPU
		{FD168229-CD08-4A84-91D7-A1823893502C}.Release|Any CPU.Build.0 = Release|Any CPU
		{FD168229-CD08-4A84-91D7-A1823893502C}.Release|ARM.ActiveCfg = Release|Any CPU
		{FD168229-CD08-4A84-91D7-A1823893502C}.Release|ARM.Build.0 = Release|Any CPU
		{FD168229-CD08-4A84-91D7-A1823893502C}.Release|x64.ActiveCfg = Release|Any CPU
		{FD168229-CD08-4A84-91D7-A1823893502C}.Release|x64.Build.0 = Release|Any CPU
		{FD168229-CD08-4A84-91D7-A1823893502C}.Release|x86.ActiveCfg = Release|Any CPU
		{FD168229-CD08-4A84-91D7-A1823893502C}.Release|x86.Build.0 = Release|Any CPU
		{FD168229-CD08-4A84-91D7-A1823893502C}.Stats|Any CPU.ActiveCfg = Release|Any CPU
		{FD168229-CD08-4A84-91D7-A1823893502C}.Stats|Any CPU.Build.0 = Release|Any CPU
		{FD168229-CD08-4A84-91D7-A1823893502C}.Stats|ARM.ActiveCfg = Release|Any CPU
		{FD168229-CD08-4A84-91D7-A1823893502C}.Stats|ARM.Build.0 = Release|Any CPU
		{FD168229-CD08-4A84-91D7-A1823893502C}.Stats|x64.ActiveCfg = Release|Any CPU
		{FD168229-CD08-4A84-91D7-A1823893502C}.Stats|x64.Build.0 = Release|Any CPU
		{FD168229-CD08-4A84-91D7-A1823893502C}.Stats|x86.ActiveCfg = Release|Any CPU
		{FD168229-CD08-4A84-91D7-A1823893502C}.Stats|x86.Build.0 = Release|Any CPU
		{75A2C256-5366-4AFA-996C-CDC2CF1F8016}.Debug|Any CPU.ActiveCfg = Debug|Any CPU
		{75A2C256-5366-4AFA-996C-CDC2CF1F8016}.Debug|Any CPU.Build.0 = Debug|Any CPU
		{75A2C256-5366-4AFA-996C-CDC2CF1F8016}.Debug|ARM.ActiveCfg = Debug|Any CPU
		{75A2C256-5366-4AFA-996C-CDC2CF1F8016}.Debug|ARM.Build.0 = Debug|Any CPU
		{75A2C256-5366-4AFA-996C-CDC2CF1F8016}.Debug|x64.ActiveCfg = Debug|Any CPU
		{75A2C256-5366-4AFA-996C-CDC2CF1F8016}.Debug|x64.Build.0 = Debug|Any CPU
		{75A2C256-5366-4AFA-996C-CDC2CF1F8016}.Debug|x86.ActiveCfg = Debug|Any CPU
		{75A2C256-5366-4AFA-996C-CDC2CF1F8016}.Debug|x86.Build.0 = Debug|Any CPU
		{75A2C256-5366-4AFA-996C-CDC2CF1F8016}.Release|Any CPU.ActiveCfg = Release|Any CPU
		{75A2C256-5366-4AFA-996C-CDC2CF1F8016}.Release|Any CPU.Build.0 = Release|Any CPU
		{75A2C256-5366-4AFA-996C-CDC2CF1F8016}.Release|ARM.ActiveCfg = Release|Any CPU
		{75A2C256-5366-4AFA-996C-CDC2CF1F8016}.Release|ARM.Build.0 = Release|Any CPU
		{75A2C256-5366-4AFA-996C-CDC2CF1F8016}.Release|x64.ActiveCfg = Release|Any CPU
		{75A2C256-5366-4AFA-996C-CDC2CF1F8016}.Release|x64.Build.0 = Release|Any CPU
		{75A2C256-5366-4AFA-996C-CDC2CF1F8016}.Release|x86.ActiveCfg = Release|Any CPU
		{75A2C256-5366-4AFA-996C-CDC2CF1F8016}.Release|x86.Build.0 = Release|Any CPU
		{75A2C256-5366-4AFA-996C-CDC2CF1F8016}.Stats|Any CPU.ActiveCfg = Release|Any CPU
		{75A2C256-5366-4AFA-996C-CDC2CF1F8016}.Stats|Any CPU.Build.0 = Release|Any CPU
		{75A2C256-5366-4AFA-996C-CDC2CF1F8016}.Stats|ARM.ActiveCfg = Release|Any CPU
		{75A2C256-5366-4AFA-996C-CDC2CF1F8016}.Stats|ARM.Build.0 = Release|Any CPU
		{75A2C256-5366-4AFA-996C-CDC2CF1F8016}.Stats|x64.ActiveCfg = Release|Any CPU
		{75A2C256-5366-4AFA-996C-CDC2CF1F8016}.Stats|x64.Build.0 = Release|Any CPU
		{75A2C256-5366-4AFA-996C-CDC2CF1F8016}.Stats|x86.ActiveCfg = Release|Any CPU
		{75A2C256-5366-4AFA-996C-CDC2CF1F8016}.Stats|x86.Build.0 = Release|Any CPU
		{AC5F9C61-F444-4A33-8DC4-31AB5386D352}.Debug|Any CPU.ActiveCfg = Debug|Any CPU
		{AC5F9C61-F444-4A33-8DC4-31AB5386D352}.Debug|Any CPU.Build.0 = Debug|Any CPU
		{AC5F9C61-F444-4A33-8DC4-31AB5386D352}.Debug|ARM.ActiveCfg = Debug|Any CPU
		{AC5F9C61-F444-4A33-8DC4-31AB5386D352}.Debug|ARM.Build.0 = Debug|Any CPU
		{AC5F9C61-F444-4A33-8DC4-31AB5386D352}.Debug|x64.ActiveCfg = Debug|Any CPU
		{AC5F9C61-F444-4A33-8DC4-31AB5386D352}.Debug|x64.Build.0 = Debug|Any CPU
		{AC5F9C61-F444-4A33-8DC4-31AB5386D352}.Debug|x86.ActiveCfg = Debug|Any CPU
		{AC5F9C61-F444-4A33-8DC4-31AB5386D352}.Debug|x86.Build.0 = Debug|Any CPU
		{AC5F9C61-F444-4A33-8DC4-31AB5386D352}.Release|Any CPU.ActiveCfg = Release|Any CPU
		{AC5F9C61-F444-4A33-8DC4-31AB5386D352}.Release|Any CPU.Build.0 = Release|Any CPU
		{AC5F9C61-F444-4A33-8DC4-31AB5386D352}.Release|ARM.ActiveCfg = Release|Any CPU
		{AC5F9C61-F444-4A33-8DC4-31AB5386D352}.Release|ARM.Build.0 = Release|Any CPU
		{AC5F9C61-F444-4A33-8DC4-31AB5386D352}.Release|x64.ActiveCfg = Release|Any CPU
		{AC5F9C61-F444-4A33-8DC4-31AB5386D352}.Release|x64.Build.0 = Release|Any CPU
		{AC5F9C61-F444-4A33-8DC4-31AB5386D352}.Release|x86.ActiveCfg = Release|Any CPU
		{AC5F9C61-F444-4A33-8DC4-31AB5386D352}.Release|x86.Build.0 = Release|Any CPU
		{AC5F9C61-F444-4A33-8DC4-31AB5386D352}.Stats|Any CPU.ActiveCfg = Release|Any CPU
		{AC5F9C61-F444-4A33-8DC4-31AB5386D352}.Stats|Any CPU.Build.0 = Release|Any CPU
		{AC5F9C61-F444-4A33-8DC4-31AB5386D352}.Stats|ARM.ActiveCfg = Release|Any CPU
		{AC5F9C61-F444-4A33-8DC4-31AB5386D352}.Stats|ARM.Build.0 = Release|Any CPU
		{AC5F9C61-F444-4A33-8DC4-31AB5386D352}.Stats|x64.ActiveCfg = Release|Any CPU
		{AC5F9C61-F444-4A33-8DC4-31AB5386D352}.Stats|x64.Build.0 = Release|Any CPU
		{AC5F9C61-F444-4A33-8DC4-31AB5386D352}.Stats|x86.ActiveCfg = Release|Any CPU
		{AC5F9C61-F444-4A33-8DC4-31AB5386D352}.Stats|x86.Build.0 = Release|Any CPU
		{194DF137-5794-41C9-9916-46A516EE22C3}.Debug|Any CPU.ActiveCfg = Debug|Any CPU
		{194DF137-5794-41C9-9916-46A516EE22C3}.Debug|Any CPU.Build.0 = Debug|Any CPU
		{194DF137-5794-41C9-9916-46A516EE22C3}.Debug|ARM.ActiveCfg = Debug|Any CPU
		{194DF137-5794-41C9-9916-46A516EE22C3}.Debug|ARM.Build.0 = Debug|Any CPU
		{194DF137-5794-41C9-9916-46A516EE22C3}.Debug|x64.ActiveCfg = Debug|Any CPU
		{194DF137-5794-41C9-9916-46A516EE22C3}.Debug|x64.Build.0 = Debug|Any CPU
		{194DF137-5794-41C9-9916-46A516EE22C3}.Debug|x86.ActiveCfg = Debug|Any CPU
		{194DF137-5794-41C9-9916-46A516EE22C3}.Debug|x86.Build.0 = Debug|Any CPU
		{194DF137-5794-41C9-9916-46A516EE22C3}.Release|Any CPU.ActiveCfg = Release|Any CPU
		{194DF137-5794-41C9-9916-46A516EE22C3}.Release|Any CPU.Build.0 = Release|Any CPU
		{194DF137-5794-41C9-9916-46A516EE22C3}.Release|ARM.ActiveCfg = Release|Any CPU
		{194DF137-5794-41C9-9916-46A516EE22C3}.Release|ARM.Build.0 = Release|Any CPU
		{194DF137-5794-41C9-9916-46A516EE22C3}.Release|x64.ActiveCfg = Release|Any CPU
		{194DF137-5794-41C9-9916-46A516EE22C3}.Release|x64.Build.0 = Release|Any CPU
		{194DF137-5794-41C9-9916-46A516EE22C3}.Release|x86.ActiveCfg = Release|Any CPU
		{194DF137-5794-41C9-9916-46A516EE22C3}.Release|x86.Build.0 = Release|Any CPU
		{194DF137-5794-41C9-9916-46A516EE22C3}.Stats|Any CPU.ActiveCfg = Release|Any CPU
		{194DF137-5794-41C9-9916-46A516EE22C3}.Stats|Any CPU.Build.0 = Release|Any CPU
		{194DF137-5794-41C9-9916-46A516EE22C3}.Stats|ARM.ActiveCfg = Release|Any CPU
		{194DF137-5794-41C9-9916-46A516EE22C3}.Stats|ARM.Build.0 = Release|Any CPU
		{194DF137-5794-41C9-9916-46A516EE22C3}.Stats|x64.ActiveCfg = Release|Any CPU
		{194DF137-5794-41C9-9916-46A516EE22C3}.Stats|x64.Build.0 = Release|Any CPU
		{194DF137-5794-41C9-9916-46A516EE22C3}.Stats|x86.ActiveCfg = Release|Any CPU
		{194DF137-5794-41C9-9916-46A516EE22C3}.Stats|x86.Build.0 = Release|Any CPU
	EndGlobalSection
	GlobalSection(SolutionProperties) = preSolution
		HideSolutionNode = FALSE
	EndGlobalSection
	GlobalSection(NestedProjects) = preSolution
		{509CF3E6-D1F7-4E7E-816F-9A0A22215AAD} = {CDABCC16-5AC5-46BC-82EE-FF207503116E}
		{307C27E7-032A-4A44-9D4D-F4F0A4E28BC7} = {CDABCC16-5AC5-46BC-82EE-FF207503116E}
		{411A9E0E-FDC6-4E25-828A-0C2CD1CD96F8} = {CDABCC16-5AC5-46BC-82EE-FF207503116E}
		{947F53D2-F9D7-458E-9978-6E065166D30B} = {CDABCC16-5AC5-46BC-82EE-FF207503116E}
		{FD168229-CD08-4A84-91D7-A1823893502C} = {6602EB6F-07FC-4B33-8B96-B39E1856EE58}
		{75A2C256-5366-4AFA-996C-CDC2CF1F8016} = {CDABCC16-5AC5-46BC-82EE-FF207503116E}
		{AC5F9C61-F444-4A33-8DC4-31AB5386D352} = {45275B2C-012F-4BB2-850D-8EB2CACF1777}
		{194DF137-5794-41C9-9916-46A516EE22C3} = {CDABCC16-5AC5-46BC-82EE-FF207503116E}
	EndGlobalSection
EndGlobal
